
Microsoft Visual Studio Solution File, Format Version 12.00
# Visual Studio 2013
VisualStudioVersion = 12.0.21005.1
MinimumVisualStudioVersion = 10.0.40219.1
Project("{2150E333-8FDC-42A3-9474-1A3956D46DE8}") = "Examples", "Examples", "{C7E1736A-81B2-4E4C-87F8-F6D8CB8195AD}"
EndProject
Project("{2150E333-8FDC-42A3-9474-1A3956D46DE8}") = "Logging", "Logging", "{D1807197-BF37-4569-A55B-914F5FBF31AB}"
EndProject
Project("{FAE04EC0-301F-11D3-BF4B-00C04F79EFBC}") = "Simple", "Examples\Logging\Simple\Simple.csproj", "{900B51E4-B405-4FF4-B2D1-2B240D21D18D}"
EndProject
Project("{FAE04EC0-301F-11D3-BF4B-00C04F79EFBC}") = "Log4Net", "Examples\Logging\Log4net\Log4Net.csproj", "{01EF10E6-5DA8-4047-AECC-DDF85A6EFDE1}"
EndProject
Project("{FAE04EC0-301F-11D3-BF4B-00C04F79EFBC}") = "NLog", "Examples\Logging\NLog\NLog.csproj", "{47C007B3-47AB-4F4F-947B-88F3C3EB2BBD}"
EndProject
Project("{2150E333-8FDC-42A3-9474-1A3956D46DE8}") = "Tests", "Tests", "{00C6DD2E-F3D2-40BA-8CEC-8775CACD3B7F}"
EndProject
Project("{2150E333-8FDC-42A3-9474-1A3956D46DE8}") = "Configs", "Configs", "{93467ED4-BA93-4CC8-B4C5-ECE31204BB7B}"
	ProjectSection(SolutionItems) = preProject
		Configs\log4net.config = Configs\log4net.config
		Configs\NLog.config = Configs\NLog.config
		Configs\SQLite.cfg.xml = Configs\SQLite.cfg.xml
	EndProjectSection
EndProject
Project("{2150E333-8FDC-42A3-9474-1A3956D46DE8}") = "UnitTests", "UnitTests", "{237C1EB0-E1D4-4E39-8A47-FAD243C01BC7}"
EndProject
Project("{FAE04EC0-301F-11D3-BF4B-00C04F79EFBC}") = "NUnitTests", "Tests\UnitTests\NUnitTests\NUnitTests.csproj", "{CC0543AB-BB22-4AB4-B0F4-1D01E1F2B595}"
EndProject
Project("{FAE04EC0-301F-11D3-BF4B-00C04F79EFBC}") = "RhinoMocksTests", "Tests\UnitTests\RhinoMocksTests\RhinoMocksTests.csproj", "{91D710F3-992F-471B-9678-54B9E910F185}"
EndProject
Project("{FAE04EC0-301F-11D3-BF4B-00C04F79EFBC}") = "MoqTests", "Tests\UnitTests\MoqTests\MoqTests.csproj", "{E1CFD90F-D186-42C1-93E1-8254568121CD}"
EndProject
Project("{FAE04EC0-301F-11D3-BF4B-00C04F79EFBC}") = "NSubstituteTests", "Tests\UnitTests\NSubstituteTests\NSubstituteTests.csproj", "{A32FDC7E-0B5B-44E2-B93A-A0C7579948B2}"
EndProject
Project("{2150E333-8FDC-42A3-9474-1A3956D46DE8}") = "Common", "Common", "{EC9C0D01-B221-4258-8D58-2E83CA339D76}"
EndProject
Project("{FAE04EC0-301F-11D3-BF4B-00C04F79EFBC}") = "DisposeAndFinalizeExample", "Examples\Common\DisposeAndFinalizeExample\DisposeAndFinalizeExample.csproj", "{32B82B18-302A-439F-87B0-B1370D43AF96}"
EndProject
Project("{2150E333-8FDC-42A3-9474-1A3956D46DE8}") = "Database", "Database", "{A7D42A7F-CEAC-466D-BA62-BEA5F92623CA}"
EndProject
Project("{FAE04EC0-301F-11D3-BF4B-00C04F79EFBC}") = "NHibernateSQLiteExample", "Examples\Database\NHibernateSQLiteExample\NHibernateSQLiteExample.csproj", "{46D3F38F-A7FC-4D51-B9A5-B3146170D51B}"
EndProject
Project("{FAE04EC0-301F-11D3-BF4B-00C04F79EFBC}") = "SQLiteExample", "Examples\Database\SQLiteExample\SQLiteExample.csproj", "{7185A9F8-F744-488F-A070-2DCB3C3F6B4D}"
EndProject
Project("{FAE04EC0-301F-11D3-BF4B-00C04F79EFBC}") = "SQLExamples", "Examples\Database\SQLExamples\SQLExamples.csproj", "{95E89615-5636-4C74-8394-B7E47C83346D}"
EndProject
Project("{FAE04EC0-301F-11D3-BF4B-00C04F79EFBC}") = "LINQToObjectsExamples", "Examples\Common\LINQToObjectsExamples\LINQToObjectsExamples.csproj", "{6A126DEE-1C4B-4205-97D0-A87D088D7673}"
EndProject
Project("{2150E333-8FDC-42A3-9474-1A3956D46DE8}") = "Common", "Common", "{FA33180F-C236-49E3-B995-206C05EC0024}"
EndProject
Project("{FAE04EC0-301F-11D3-BF4B-00C04F79EFBC}") = "LinqEx", "Sources\Common\LinqEx\LinqEx.csproj", "{AD93EBC5-4F11-4F83-B9B3-B289B743D3F2}"
EndProject
Project("{FAE04EC0-301F-11D3-BF4B-00C04F79EFBC}") = "LINQToXMLExamples", "Examples\Common\LINQToXMLExamples\LINQToXMLExamples.csproj", "{14630D35-BC54-4A02-972F-ABF98772C9C0}"
EndProject
Project("{2150E333-8FDC-42A3-9474-1A3956D46DE8}") = "ThirdParty", "ThirdParty", "{9D9131C3-3816-4919-98C2-5ECDAAF86A16}"
EndProject
Project("{FAE04EC0-301F-11D3-BF4B-00C04F79EFBC}") = "NUnit.Framework.ExtensionMethods", "ThirdParty\NUnitEx\NUnit.Framework.ExtensionMethods.csproj", "{60719C54-9719-48F7-9376-595AB9FAE4C0}"
EndProject
Project("{2150E333-8FDC-42A3-9474-1A3956D46DE8}") = ".nuget", ".nuget", "{B04C7CB7-E39A-44BF-8910-CDAFA82B131F}"
	ProjectSection(SolutionItems) = preProject
		.nuget\NuGet.Config = .nuget\NuGet.Config
		.nuget\NuGet.exe = .nuget\NuGet.exe
		.nuget\NuGet.targets = .nuget\NuGet.targets
	EndProjectSection
EndProject
Project("{FAE04EC0-301F-11D3-BF4B-00C04F79EFBC}") = "WinService", "Sources\Module\WinService\WinService.csproj", "{5C9DD50F-AACF-48A1-A3F1-B07D51071E44}"
EndProject
Project("{FAE04EC0-301F-11D3-BF4B-00C04F79EFBC}") = "ModuleBase", "Sources\Module\ModuleBase\ModuleBase.csproj", "{BD1BC6A1-11A7-46ED-9716-51C672A681B8}"
EndProject
Project("{2150E333-8FDC-42A3-9474-1A3956D46DE8}") = "Cluster", "Cluster", "{93FDBF9E-5DA6-4391-97EC-ED9161B7950A}"
EndProject
Project("{FAE04EC0-301F-11D3-BF4B-00C04F79EFBC}") = "ClusterAdminService", "Sources\Cluster\ClusterAdminService\ClusterAdminService.csproj", "{1A700869-6300-479F-9F63-4CFC3FEEC85B}"
EndProject
Project("{FAE04EC0-301F-11D3-BF4B-00C04F79EFBC}") = "log4net.Async", "ThirdParty\Log4NetEx\log4net.Async.csproj", "{DEF3255F-DA16-4EF9-A4DE-D46B90D8937F}"
EndProject
Project("{2150E333-8FDC-42A3-9474-1A3956D46DE8}") = "Sources", "Sources", "{E2E7DB4D-F5F0-48F9-8BB2-493A0A94D012}"
EndProject
Project("{2150E333-8FDC-42A3-9474-1A3956D46DE8}") = "Module", "Module", "{1B2B226B-0859-43F8-B04B-C6A1707455FD}"
EndProject
Project("{2150E333-8FDC-42A3-9474-1A3956D46DE8}") = "Monitoring", "Monitoring", "{E8604D8C-9B55-4824-9EA4-121970D21B14}"
EndProject
Project("{FAE04EC0-301F-11D3-BF4B-00C04F79EFBC}") = "MonitoringBase", "Sources\Monitoring\MonitoringBase\MonitoringBase.csproj", "{B9F86F3E-BA30-438C-8D60-AF9CE2C7ED7A}"
EndProject
Project("{2150E333-8FDC-42A3-9474-1A3956D46DE8}") = "Module", "Module", "{2AEA64AF-78FF-4E2E-8375-FB6BD50AB71B}"
EndProject
Project("{FAE04EC0-301F-11D3-BF4B-00C04F79EFBC}") = "ModuleConsoleExample", "Examples\Module\ModuleConsoleExample\ModuleConsoleExample.csproj", "{3F6C2EA3-9FD8-4CFA-8ABC-CF3EF6FA8C32}"
EndProject
Project("{2150E333-8FDC-42A3-9474-1A3956D46DE8}") = "Module", "Module", "{38D30AE1-BC29-4CF3-8F9E-9FB788B9A090}"
EndProject
Project("{FAE04EC0-301F-11D3-BF4B-00C04F79EFBC}") = "ModuleTests", "Tests\Module\ModuleTests\ModuleTests.csproj", "{CD90AB87-CA2B-4C0E-B981-D1FA14AF7606}"
EndProject
Project("{FAE04EC0-301F-11D3-BF4B-00C04F79EFBC}") = "ModuleContainer", "Sources\Module\ModuleContainer\ModuleContainer.csproj", "{EEF3D73F-F4A8-45E6-80DA-84C2731A6EE7}"
EndProject
Project("{FAE04EC0-301F-11D3-BF4B-00C04F79EFBC}") = "MonitoringCore", "Sources\Monitoring\MonitoringCore\MonitoringCore.csproj", "{6A0F716D-2A63-4EAA-8823-82C501715590}"
EndProject
Project("{FAE04EC0-301F-11D3-BF4B-00C04F79EFBC}") = "MonitoringNull", "Sources\Monitoring\MonitoringNull\MonitoringNull.csproj", "{928A61DD-420B-4867-9DA4-C466A1808B10}"
EndProject
Project("{FAE04EC0-301F-11D3-BF4B-00C04F79EFBC}") = "MonitoringLogger", "Sources\Monitoring\MonitoringLogger\MonitoringLogger.csproj", "{206C0AC5-F7E9-453A-9E52-4EB6EB9A0E0E}"
EndProject
Project("{FAE04EC0-301F-11D3-BF4B-00C04F79EFBC}") = "DisposableLock", "Sources\Common\DisposableLock\DisposableLock.csproj", "{C2D9FD99-4319-4B1D-BE6E-ACB0E30DDAC4}"
EndProject
Project("{FAE04EC0-301F-11D3-BF4B-00C04F79EFBC}") = "MonitoringTest", "Sources\Monitoring\MonitoringTest\MonitoringTest.csproj", "{11232331-E8DC-41F5-9BA7-B9CA0A96664F}"
EndProject
Project("{2150E333-8FDC-42A3-9474-1A3956D46DE8}") = "Monitoring", "Monitoring", "{CBE99F67-AD71-42E6-B5BB-29B5F9B28AA3}"
EndProject
Project("{FAE04EC0-301F-11D3-BF4B-00C04F79EFBC}") = "MonitoringStateTests", "Tests\Monitoring\MonitoringStateTests\MonitoringStateTests.csproj", "{86C36C3A-3D88-430F-9A50-D2E37571BF8E}"
EndProject
Project("{FAE04EC0-301F-11D3-BF4B-00C04F79EFBC}") = "FluentMigratorExample", "Examples\Database\FluentMigratorExample\FluentMigratorExample.csproj", "{CE3B69DE-B69E-4CF8-B0D0-CE3CE9101256}"
EndProject
Project("{2150E333-8FDC-42A3-9474-1A3956D46DE8}") = "Database", "Database", "{3DCD29AB-0EF9-4BE0-B155-79115D08C494}"
EndProject
Project("{FAE04EC0-301F-11D3-BF4B-00C04F79EFBC}") = "Migrations", "Sources\Database\Migrations\Migrations.csproj", "{1535E099-E5E3-4A99-8179-4C4F848C63C2}"
EndProject
Project("{FAE04EC0-301F-11D3-BF4B-00C04F79EFBC}") = "Hibernate", "Sources\Database\Hibernate\Hibernate.csproj", "{78B08073-EA41-47AE-ABED-ECEE858832EE}"
EndProject
Project("{FAE04EC0-301F-11D3-BF4B-00C04F79EFBC}") = "ModuleTest", "Sources\Module\ModuleTest\ModuleTest.csproj", "{E1466467-0370-4F4B-ADD6-F7D378899C47}"
EndProject
Project("{FAE04EC0-301F-11D3-BF4B-00C04F79EFBC}") = "ModuleWithDBTests", "Tests\Module\ModuleWithDBTests\ModuleWithDBTests.csproj", "{F99D594A-7269-482A-9501-A0038248DDF5}"
EndProject
Project("{FAE04EC0-301F-11D3-BF4B-00C04F79EFBC}") = "MonitoringStorageHibernate", "Sources\Monitoring\MonitoringStorageHibernate\MonitoringStorageHibernate.csproj", "{9437F691-2F0E-4F82-A151-6802A298AFF4}"
EndProject
Project("{FAE04EC0-301F-11D3-BF4B-00C04F79EFBC}") = "ModuleLoggingPerformance", "Examples\Module\ModuleLoggingPerformance\ModuleLoggingPerformance.csproj", "{3344D45D-A3A6-4F78-AA2F-EB24F9CC46A1}"
EndProject
Project("{FAE04EC0-301F-11D3-BF4B-00C04F79EFBC}") = "ModuleMonitoringPerformance", "Examples\Module\ModuleMonitoringPerformance\ModuleMonitoringPerformance.csproj", "{8F3A6FBB-BDE1-4F08-9126-76FF1F9F8D00}"
EndProject
Project("{FAE04EC0-301F-11D3-BF4B-00C04F79EFBC}") = "DisruptorExample", "Examples\Common\DisruptorExample\DisruptorExample.csproj", "{5E9806B7-5127-44F0-9574-A96935CB9EB1}"
EndProject
Project("{FAE04EC0-301F-11D3-BF4B-00C04F79EFBC}") = "BlockingCollectionExample", "Examples\Common\BlockingCollectionExample\BlockingCollectionExample.csproj", "{596078A4-E750-468D-B16B-99A33DE57FF2}"
EndProject
Project("{FAE04EC0-301F-11D3-BF4B-00C04F79EFBC}") = "HotSwapExample", "Examples\Common\HotSwapExample\HotSwapExample.csproj", "{E6888516-B440-4434-8320-4AA3012C971A}"
EndProject
Project("{FAE04EC0-301F-11D3-BF4B-00C04F79EFBC}") = "ModuleLoggingExample", "Examples\Module\ModuleLoggingExample\ModuleLoggingExample.csproj", "{B64DFD99-EDA3-4B72-B83B-79C75E3E68FF}"
EndProject
Project("{FAE04EC0-301F-11D3-BF4B-00C04F79EFBC}") = "ModuleMonitoringExample", "Examples\Module\ModuleMonitoringExample\ModuleMonitoringExample.csproj", "{2181878E-C437-4096-99AF-96F11B99A001}"
EndProject
Project("{2150E333-8FDC-42A3-9474-1A3956D46DE8}") = "Business", "Business", "{250671F2-E730-4036-99D9-34AAEAA2217E}"
EndProject
Project("{FAE04EC0-301F-11D3-BF4B-00C04F79EFBC}") = "BusinessObjects", "Sources\Business\BusinessObjects\BusinessObjects.csproj", "{0E0E49A9-0A52-446A-902E-0B0B249D73C3}"
EndProject
Project("{FAE04EC0-301F-11D3-BF4B-00C04F79EFBC}") = "Concurrent", "Sources\Common\Concurrent\Concurrent.csproj", "{1F743C58-CB06-4A96-88F0-36B342D6083A}"
EndProject
Project("{2150E333-8FDC-42A3-9474-1A3956D46DE8}") = "Configuration", "Configuration", "{CD4F0B78-8FCB-4217-84C9-D6025F4E001B}"
EndProject
Project("{FAE04EC0-301F-11D3-BF4B-00C04F79EFBC}") = "ConfigurationManager", "Sources\Configuration\ConfigurationManager\ConfigurationManager.csproj", "{B76C3225-DA31-4C7E-BFA4-4DA5017DFA62}"
EndProject
Project("{2150E333-8FDC-42A3-9474-1A3956D46DE8}") = "Configuration", "Configuration", "{C9EB075D-5DC7-4F65-873D-0902C9538B88}"
EndProject
Project("{FAE04EC0-301F-11D3-BF4B-00C04F79EFBC}") = "ConfigurationManagerTests", "Tests\Configuration\ConfigurationManagerTests\ConfigurationManagerTests.csproj", "{6B8C4A0D-2898-444C-817F-3439F30DE8F8}"
EndProject
Project("{FAE04EC0-301F-11D3-BF4B-00C04F79EFBC}") = "Interfaces", "Sources\Common\Interfaces\Interfaces.csproj", "{1EEABFA5-AB55-4C26-9386-07904B8F6158}"
EndProject
Global
	GlobalSection(SolutionConfigurationPlatforms) = preSolution
		Debug|Any CPU = Debug|Any CPU
		Debug|Mixed Platforms = Debug|Mixed Platforms
		Debug|x64 = Debug|x64
		Debug|x86 = Debug|x86
		Release|Any CPU = Release|Any CPU
		Release|Mixed Platforms = Release|Mixed Platforms
		Release|x64 = Release|x64
		Release|x86 = Release|x86
	EndGlobalSection
	GlobalSection(ProjectConfigurationPlatforms) = postSolution
		{900B51E4-B405-4FF4-B2D1-2B240D21D18D}.Debug|Any CPU.ActiveCfg = Debug|Any CPU
		{900B51E4-B405-4FF4-B2D1-2B240D21D18D}.Debug|Any CPU.Build.0 = Debug|Any CPU
		{900B51E4-B405-4FF4-B2D1-2B240D21D18D}.Debug|Mixed Platforms.ActiveCfg = Debug|Any CPU
		{900B51E4-B405-4FF4-B2D1-2B240D21D18D}.Debug|Mixed Platforms.Build.0 = Debug|Any CPU
		{900B51E4-B405-4FF4-B2D1-2B240D21D18D}.Debug|x64.ActiveCfg = Debug|Any CPU
		{900B51E4-B405-4FF4-B2D1-2B240D21D18D}.Debug|x64.Build.0 = Debug|Any CPU
		{900B51E4-B405-4FF4-B2D1-2B240D21D18D}.Debug|x86.ActiveCfg = Debug|Any CPU
		{900B51E4-B405-4FF4-B2D1-2B240D21D18D}.Debug|x86.Build.0 = Debug|Any CPU
		{900B51E4-B405-4FF4-B2D1-2B240D21D18D}.Release|Any CPU.ActiveCfg = Release|Any CPU
		{900B51E4-B405-4FF4-B2D1-2B240D21D18D}.Release|Any CPU.Build.0 = Release|Any CPU
		{900B51E4-B405-4FF4-B2D1-2B240D21D18D}.Release|Mixed Platforms.ActiveCfg = Release|Any CPU
		{900B51E4-B405-4FF4-B2D1-2B240D21D18D}.Release|Mixed Platforms.Build.0 = Release|Any CPU
		{900B51E4-B405-4FF4-B2D1-2B240D21D18D}.Release|x64.ActiveCfg = Release|Any CPU
		{900B51E4-B405-4FF4-B2D1-2B240D21D18D}.Release|x64.Build.0 = Release|Any CPU
		{900B51E4-B405-4FF4-B2D1-2B240D21D18D}.Release|x86.ActiveCfg = Release|Any CPU
		{900B51E4-B405-4FF4-B2D1-2B240D21D18D}.Release|x86.Build.0 = Release|Any CPU
		{01EF10E6-5DA8-4047-AECC-DDF85A6EFDE1}.Debug|Any CPU.ActiveCfg = Debug|Any CPU
		{01EF10E6-5DA8-4047-AECC-DDF85A6EFDE1}.Debug|Any CPU.Build.0 = Debug|Any CPU
		{01EF10E6-5DA8-4047-AECC-DDF85A6EFDE1}.Debug|Mixed Platforms.ActiveCfg = Debug|Any CPU
		{01EF10E6-5DA8-4047-AECC-DDF85A6EFDE1}.Debug|Mixed Platforms.Build.0 = Debug|Any CPU
		{01EF10E6-5DA8-4047-AECC-DDF85A6EFDE1}.Debug|x64.ActiveCfg = Debug|Any CPU
		{01EF10E6-5DA8-4047-AECC-DDF85A6EFDE1}.Debug|x64.Build.0 = Debug|Any CPU
		{01EF10E6-5DA8-4047-AECC-DDF85A6EFDE1}.Debug|x86.ActiveCfg = Debug|Any CPU
		{01EF10E6-5DA8-4047-AECC-DDF85A6EFDE1}.Debug|x86.Build.0 = Debug|Any CPU
		{01EF10E6-5DA8-4047-AECC-DDF85A6EFDE1}.Release|Any CPU.ActiveCfg = Release|Any CPU
		{01EF10E6-5DA8-4047-AECC-DDF85A6EFDE1}.Release|Any CPU.Build.0 = Release|Any CPU
		{01EF10E6-5DA8-4047-AECC-DDF85A6EFDE1}.Release|Mixed Platforms.ActiveCfg = Release|Any CPU
		{01EF10E6-5DA8-4047-AECC-DDF85A6EFDE1}.Release|Mixed Platforms.Build.0 = Release|Any CPU
		{01EF10E6-5DA8-4047-AECC-DDF85A6EFDE1}.Release|x64.ActiveCfg = Release|Any CPU
		{01EF10E6-5DA8-4047-AECC-DDF85A6EFDE1}.Release|x64.Build.0 = Release|Any CPU
		{01EF10E6-5DA8-4047-AECC-DDF85A6EFDE1}.Release|x86.ActiveCfg = Release|Any CPU
		{01EF10E6-5DA8-4047-AECC-DDF85A6EFDE1}.Release|x86.Build.0 = Release|Any CPU
		{47C007B3-47AB-4F4F-947B-88F3C3EB2BBD}.Debug|Any CPU.ActiveCfg = Debug|Any CPU
		{47C007B3-47AB-4F4F-947B-88F3C3EB2BBD}.Debug|Any CPU.Build.0 = Debug|Any CPU
		{47C007B3-47AB-4F4F-947B-88F3C3EB2BBD}.Debug|Mixed Platforms.ActiveCfg = Debug|Any CPU
		{47C007B3-47AB-4F4F-947B-88F3C3EB2BBD}.Debug|Mixed Platforms.Build.0 = Debug|Any CPU
		{47C007B3-47AB-4F4F-947B-88F3C3EB2BBD}.Debug|x64.ActiveCfg = Debug|Any CPU
		{47C007B3-47AB-4F4F-947B-88F3C3EB2BBD}.Debug|x64.Build.0 = Debug|Any CPU
		{47C007B3-47AB-4F4F-947B-88F3C3EB2BBD}.Debug|x86.ActiveCfg = Debug|Any CPU
		{47C007B3-47AB-4F4F-947B-88F3C3EB2BBD}.Debug|x86.Build.0 = Debug|Any CPU
		{47C007B3-47AB-4F4F-947B-88F3C3EB2BBD}.Release|Any CPU.ActiveCfg = Release|Any CPU
		{47C007B3-47AB-4F4F-947B-88F3C3EB2BBD}.Release|Any CPU.Build.0 = Release|Any CPU
		{47C007B3-47AB-4F4F-947B-88F3C3EB2BBD}.Release|Mixed Platforms.ActiveCfg = Release|Any CPU
		{47C007B3-47AB-4F4F-947B-88F3C3EB2BBD}.Release|Mixed Platforms.Build.0 = Release|Any CPU
		{47C007B3-47AB-4F4F-947B-88F3C3EB2BBD}.Release|x64.ActiveCfg = Release|Any CPU
		{47C007B3-47AB-4F4F-947B-88F3C3EB2BBD}.Release|x64.Build.0 = Release|Any CPU
		{47C007B3-47AB-4F4F-947B-88F3C3EB2BBD}.Release|x86.ActiveCfg = Release|Any CPU
		{47C007B3-47AB-4F4F-947B-88F3C3EB2BBD}.Release|x86.Build.0 = Release|Any CPU
		{CC0543AB-BB22-4AB4-B0F4-1D01E1F2B595}.Debug|Any CPU.ActiveCfg = Debug|Any CPU
		{CC0543AB-BB22-4AB4-B0F4-1D01E1F2B595}.Debug|Any CPU.Build.0 = Debug|Any CPU
		{CC0543AB-BB22-4AB4-B0F4-1D01E1F2B595}.Debug|Mixed Platforms.ActiveCfg = Debug|Any CPU
		{CC0543AB-BB22-4AB4-B0F4-1D01E1F2B595}.Debug|Mixed Platforms.Build.0 = Debug|Any CPU
		{CC0543AB-BB22-4AB4-B0F4-1D01E1F2B595}.Debug|x64.ActiveCfg = Debug|Any CPU
		{CC0543AB-BB22-4AB4-B0F4-1D01E1F2B595}.Debug|x64.Build.0 = Debug|Any CPU
		{CC0543AB-BB22-4AB4-B0F4-1D01E1F2B595}.Debug|x86.ActiveCfg = Debug|Any CPU
		{CC0543AB-BB22-4AB4-B0F4-1D01E1F2B595}.Debug|x86.Build.0 = Debug|Any CPU
		{CC0543AB-BB22-4AB4-B0F4-1D01E1F2B595}.Release|Any CPU.ActiveCfg = Release|Any CPU
		{CC0543AB-BB22-4AB4-B0F4-1D01E1F2B595}.Release|Any CPU.Build.0 = Release|Any CPU
		{CC0543AB-BB22-4AB4-B0F4-1D01E1F2B595}.Release|Mixed Platforms.ActiveCfg = Release|Any CPU
		{CC0543AB-BB22-4AB4-B0F4-1D01E1F2B595}.Release|Mixed Platforms.Build.0 = Release|Any CPU
		{CC0543AB-BB22-4AB4-B0F4-1D01E1F2B595}.Release|x64.ActiveCfg = Release|Any CPU
		{CC0543AB-BB22-4AB4-B0F4-1D01E1F2B595}.Release|x64.Build.0 = Release|Any CPU
		{CC0543AB-BB22-4AB4-B0F4-1D01E1F2B595}.Release|x86.ActiveCfg = Release|Any CPU
		{CC0543AB-BB22-4AB4-B0F4-1D01E1F2B595}.Release|x86.Build.0 = Release|Any CPU
		{91D710F3-992F-471B-9678-54B9E910F185}.Debug|Any CPU.ActiveCfg = Debug|Any CPU
		{91D710F3-992F-471B-9678-54B9E910F185}.Debug|Any CPU.Build.0 = Debug|Any CPU
		{91D710F3-992F-471B-9678-54B9E910F185}.Debug|Mixed Platforms.ActiveCfg = Debug|Any CPU
		{91D710F3-992F-471B-9678-54B9E910F185}.Debug|Mixed Platforms.Build.0 = Debug|Any CPU
		{91D710F3-992F-471B-9678-54B9E910F185}.Debug|x64.ActiveCfg = Debug|Any CPU
		{91D710F3-992F-471B-9678-54B9E910F185}.Debug|x64.Build.0 = Debug|Any CPU
		{91D710F3-992F-471B-9678-54B9E910F185}.Debug|x86.ActiveCfg = Debug|Any CPU
		{91D710F3-992F-471B-9678-54B9E910F185}.Debug|x86.Build.0 = Debug|Any CPU
		{91D710F3-992F-471B-9678-54B9E910F185}.Release|Any CPU.ActiveCfg = Release|Any CPU
		{91D710F3-992F-471B-9678-54B9E910F185}.Release|Any CPU.Build.0 = Release|Any CPU
		{91D710F3-992F-471B-9678-54B9E910F185}.Release|Mixed Platforms.ActiveCfg = Release|Any CPU
		{91D710F3-992F-471B-9678-54B9E910F185}.Release|Mixed Platforms.Build.0 = Release|Any CPU
		{91D710F3-992F-471B-9678-54B9E910F185}.Release|x64.ActiveCfg = Release|Any CPU
		{91D710F3-992F-471B-9678-54B9E910F185}.Release|x64.Build.0 = Release|Any CPU
		{91D710F3-992F-471B-9678-54B9E910F185}.Release|x86.ActiveCfg = Release|Any CPU
		{91D710F3-992F-471B-9678-54B9E910F185}.Release|x86.Build.0 = Release|Any CPU
		{E1CFD90F-D186-42C1-93E1-8254568121CD}.Debug|Any CPU.ActiveCfg = Debug|Any CPU
		{E1CFD90F-D186-42C1-93E1-8254568121CD}.Debug|Any CPU.Build.0 = Debug|Any CPU
		{E1CFD90F-D186-42C1-93E1-8254568121CD}.Debug|Mixed Platforms.ActiveCfg = Debug|Any CPU
		{E1CFD90F-D186-42C1-93E1-8254568121CD}.Debug|Mixed Platforms.Build.0 = Debug|Any CPU
		{E1CFD90F-D186-42C1-93E1-8254568121CD}.Debug|x64.ActiveCfg = Debug|Any CPU
		{E1CFD90F-D186-42C1-93E1-8254568121CD}.Debug|x64.Build.0 = Debug|Any CPU
		{E1CFD90F-D186-42C1-93E1-8254568121CD}.Debug|x86.ActiveCfg = Debug|Any CPU
		{E1CFD90F-D186-42C1-93E1-8254568121CD}.Debug|x86.Build.0 = Debug|Any CPU
		{E1CFD90F-D186-42C1-93E1-8254568121CD}.Release|Any CPU.ActiveCfg = Release|Any CPU
		{E1CFD90F-D186-42C1-93E1-8254568121CD}.Release|Any CPU.Build.0 = Release|Any CPU
		{E1CFD90F-D186-42C1-93E1-8254568121CD}.Release|Mixed Platforms.ActiveCfg = Release|Any CPU
		{E1CFD90F-D186-42C1-93E1-8254568121CD}.Release|Mixed Platforms.Build.0 = Release|Any CPU
		{E1CFD90F-D186-42C1-93E1-8254568121CD}.Release|x64.ActiveCfg = Release|Any CPU
		{E1CFD90F-D186-42C1-93E1-8254568121CD}.Release|x64.Build.0 = Release|Any CPU
		{E1CFD90F-D186-42C1-93E1-8254568121CD}.Release|x86.ActiveCfg = Release|Any CPU
		{E1CFD90F-D186-42C1-93E1-8254568121CD}.Release|x86.Build.0 = Release|Any CPU
		{A32FDC7E-0B5B-44E2-B93A-A0C7579948B2}.Debug|Any CPU.ActiveCfg = Debug|Any CPU
		{A32FDC7E-0B5B-44E2-B93A-A0C7579948B2}.Debug|Any CPU.Build.0 = Debug|Any CPU
		{A32FDC7E-0B5B-44E2-B93A-A0C7579948B2}.Debug|Mixed Platforms.ActiveCfg = Debug|Any CPU
		{A32FDC7E-0B5B-44E2-B93A-A0C7579948B2}.Debug|Mixed Platforms.Build.0 = Debug|Any CPU
		{A32FDC7E-0B5B-44E2-B93A-A0C7579948B2}.Debug|x64.ActiveCfg = Debug|Any CPU
		{A32FDC7E-0B5B-44E2-B93A-A0C7579948B2}.Debug|x64.Build.0 = Debug|Any CPU
		{A32FDC7E-0B5B-44E2-B93A-A0C7579948B2}.Debug|x86.ActiveCfg = Debug|Any CPU
		{A32FDC7E-0B5B-44E2-B93A-A0C7579948B2}.Debug|x86.Build.0 = Debug|Any CPU
		{A32FDC7E-0B5B-44E2-B93A-A0C7579948B2}.Release|Any CPU.ActiveCfg = Release|Any CPU
		{A32FDC7E-0B5B-44E2-B93A-A0C7579948B2}.Release|Any CPU.Build.0 = Release|Any CPU
		{A32FDC7E-0B5B-44E2-B93A-A0C7579948B2}.Release|Mixed Platforms.ActiveCfg = Release|Any CPU
		{A32FDC7E-0B5B-44E2-B93A-A0C7579948B2}.Release|Mixed Platforms.Build.0 = Release|Any CPU
		{A32FDC7E-0B5B-44E2-B93A-A0C7579948B2}.Release|x64.ActiveCfg = Release|Any CPU
		{A32FDC7E-0B5B-44E2-B93A-A0C7579948B2}.Release|x64.Build.0 = Release|Any CPU
		{A32FDC7E-0B5B-44E2-B93A-A0C7579948B2}.Release|x86.ActiveCfg = Release|Any CPU
		{A32FDC7E-0B5B-44E2-B93A-A0C7579948B2}.Release|x86.Build.0 = Release|Any CPU
		{32B82B18-302A-439F-87B0-B1370D43AF96}.Debug|Any CPU.ActiveCfg = Debug|Any CPU
		{32B82B18-302A-439F-87B0-B1370D43AF96}.Debug|Any CPU.Build.0 = Debug|Any CPU
		{32B82B18-302A-439F-87B0-B1370D43AF96}.Debug|Mixed Platforms.ActiveCfg = Debug|Any CPU
		{32B82B18-302A-439F-87B0-B1370D43AF96}.Debug|Mixed Platforms.Build.0 = Debug|Any CPU
		{32B82B18-302A-439F-87B0-B1370D43AF96}.Debug|x64.ActiveCfg = Debug|Any CPU
		{32B82B18-302A-439F-87B0-B1370D43AF96}.Debug|x64.Build.0 = Debug|Any CPU
		{32B82B18-302A-439F-87B0-B1370D43AF96}.Debug|x86.ActiveCfg = Debug|Any CPU
		{32B82B18-302A-439F-87B0-B1370D43AF96}.Debug|x86.Build.0 = Debug|Any CPU
		{32B82B18-302A-439F-87B0-B1370D43AF96}.Release|Any CPU.ActiveCfg = Release|Any CPU
		{32B82B18-302A-439F-87B0-B1370D43AF96}.Release|Any CPU.Build.0 = Release|Any CPU
		{32B82B18-302A-439F-87B0-B1370D43AF96}.Release|Mixed Platforms.ActiveCfg = Release|Any CPU
		{32B82B18-302A-439F-87B0-B1370D43AF96}.Release|Mixed Platforms.Build.0 = Release|Any CPU
		{32B82B18-302A-439F-87B0-B1370D43AF96}.Release|x64.ActiveCfg = Release|Any CPU
		{32B82B18-302A-439F-87B0-B1370D43AF96}.Release|x64.Build.0 = Release|Any CPU
		{32B82B18-302A-439F-87B0-B1370D43AF96}.Release|x86.ActiveCfg = Release|Any CPU
		{32B82B18-302A-439F-87B0-B1370D43AF96}.Release|x86.Build.0 = Release|Any CPU
		{46D3F38F-A7FC-4D51-B9A5-B3146170D51B}.Debug|Any CPU.ActiveCfg = Debug|x86
		{46D3F38F-A7FC-4D51-B9A5-B3146170D51B}.Debug|Any CPU.Build.0 = Debug|x86
		{46D3F38F-A7FC-4D51-B9A5-B3146170D51B}.Debug|Mixed Platforms.ActiveCfg = Debug|x86
		{46D3F38F-A7FC-4D51-B9A5-B3146170D51B}.Debug|Mixed Platforms.Build.0 = Debug|x86
		{46D3F38F-A7FC-4D51-B9A5-B3146170D51B}.Debug|x64.ActiveCfg = Debug|x64
		{46D3F38F-A7FC-4D51-B9A5-B3146170D51B}.Debug|x64.Build.0 = Debug|x64
		{46D3F38F-A7FC-4D51-B9A5-B3146170D51B}.Debug|x86.ActiveCfg = Debug|x86
		{46D3F38F-A7FC-4D51-B9A5-B3146170D51B}.Debug|x86.Build.0 = Debug|x86
		{46D3F38F-A7FC-4D51-B9A5-B3146170D51B}.Release|Any CPU.ActiveCfg = Release|x86
		{46D3F38F-A7FC-4D51-B9A5-B3146170D51B}.Release|Any CPU.Build.0 = Release|x86
		{46D3F38F-A7FC-4D51-B9A5-B3146170D51B}.Release|Mixed Platforms.ActiveCfg = Release|x86
		{46D3F38F-A7FC-4D51-B9A5-B3146170D51B}.Release|Mixed Platforms.Build.0 = Release|x86
		{46D3F38F-A7FC-4D51-B9A5-B3146170D51B}.Release|x64.ActiveCfg = Release|x64
		{46D3F38F-A7FC-4D51-B9A5-B3146170D51B}.Release|x64.Build.0 = Release|x64
		{46D3F38F-A7FC-4D51-B9A5-B3146170D51B}.Release|x86.ActiveCfg = Release|x86
		{46D3F38F-A7FC-4D51-B9A5-B3146170D51B}.Release|x86.Build.0 = Release|x86
		{7185A9F8-F744-488F-A070-2DCB3C3F6B4D}.Debug|Any CPU.ActiveCfg = Debug|x86
		{7185A9F8-F744-488F-A070-2DCB3C3F6B4D}.Debug|Any CPU.Build.0 = Debug|x86
		{7185A9F8-F744-488F-A070-2DCB3C3F6B4D}.Debug|Mixed Platforms.ActiveCfg = Debug|x86
		{7185A9F8-F744-488F-A070-2DCB3C3F6B4D}.Debug|Mixed Platforms.Build.0 = Debug|x86
		{7185A9F8-F744-488F-A070-2DCB3C3F6B4D}.Debug|x64.ActiveCfg = Debug|x64
		{7185A9F8-F744-488F-A070-2DCB3C3F6B4D}.Debug|x64.Build.0 = Debug|x64
		{7185A9F8-F744-488F-A070-2DCB3C3F6B4D}.Debug|x86.ActiveCfg = Debug|x86
		{7185A9F8-F744-488F-A070-2DCB3C3F6B4D}.Debug|x86.Build.0 = Debug|x86
		{7185A9F8-F744-488F-A070-2DCB3C3F6B4D}.Release|Any CPU.ActiveCfg = Release|x86
		{7185A9F8-F744-488F-A070-2DCB3C3F6B4D}.Release|Any CPU.Build.0 = Release|x86
		{7185A9F8-F744-488F-A070-2DCB3C3F6B4D}.Release|Mixed Platforms.ActiveCfg = Release|x86
		{7185A9F8-F744-488F-A070-2DCB3C3F6B4D}.Release|Mixed Platforms.Build.0 = Release|x86
		{7185A9F8-F744-488F-A070-2DCB3C3F6B4D}.Release|x64.ActiveCfg = Release|x64
		{7185A9F8-F744-488F-A070-2DCB3C3F6B4D}.Release|x64.Build.0 = Release|x64
		{7185A9F8-F744-488F-A070-2DCB3C3F6B4D}.Release|x86.ActiveCfg = Release|x86
		{7185A9F8-F744-488F-A070-2DCB3C3F6B4D}.Release|x86.Build.0 = Release|x86
		{95E89615-5636-4C74-8394-B7E47C83346D}.Debug|Any CPU.ActiveCfg = Debug|x86
		{95E89615-5636-4C74-8394-B7E47C83346D}.Debug|Any CPU.Build.0 = Debug|x86
		{95E89615-5636-4C74-8394-B7E47C83346D}.Debug|Mixed Platforms.ActiveCfg = Debug|x86
		{95E89615-5636-4C74-8394-B7E47C83346D}.Debug|Mixed Platforms.Build.0 = Debug|x86
		{95E89615-5636-4C74-8394-B7E47C83346D}.Debug|x64.ActiveCfg = Debug|x64
		{95E89615-5636-4C74-8394-B7E47C83346D}.Debug|x64.Build.0 = Debug|x64
		{95E89615-5636-4C74-8394-B7E47C83346D}.Debug|x86.ActiveCfg = Debug|x86
		{95E89615-5636-4C74-8394-B7E47C83346D}.Debug|x86.Build.0 = Debug|x86
		{95E89615-5636-4C74-8394-B7E47C83346D}.Release|Any CPU.ActiveCfg = Release|x86
		{95E89615-5636-4C74-8394-B7E47C83346D}.Release|Any CPU.Build.0 = Release|x86
		{95E89615-5636-4C74-8394-B7E47C83346D}.Release|Mixed Platforms.ActiveCfg = Release|x86
		{95E89615-5636-4C74-8394-B7E47C83346D}.Release|Mixed Platforms.Build.0 = Release|x86
		{95E89615-5636-4C74-8394-B7E47C83346D}.Release|x64.ActiveCfg = Release|x64
		{95E89615-5636-4C74-8394-B7E47C83346D}.Release|x64.Build.0 = Release|x64
		{95E89615-5636-4C74-8394-B7E47C83346D}.Release|x86.ActiveCfg = Release|x86
		{95E89615-5636-4C74-8394-B7E47C83346D}.Release|x86.Build.0 = Release|x86
		{6A126DEE-1C4B-4205-97D0-A87D088D7673}.Debug|Any CPU.ActiveCfg = Debug|Any CPU
		{6A126DEE-1C4B-4205-97D0-A87D088D7673}.Debug|Any CPU.Build.0 = Debug|Any CPU
		{6A126DEE-1C4B-4205-97D0-A87D088D7673}.Debug|Mixed Platforms.ActiveCfg = Debug|Any CPU
		{6A126DEE-1C4B-4205-97D0-A87D088D7673}.Debug|Mixed Platforms.Build.0 = Debug|Any CPU
		{6A126DEE-1C4B-4205-97D0-A87D088D7673}.Debug|x64.ActiveCfg = Debug|Any CPU
		{6A126DEE-1C4B-4205-97D0-A87D088D7673}.Debug|x64.Build.0 = Debug|Any CPU
		{6A126DEE-1C4B-4205-97D0-A87D088D7673}.Debug|x86.ActiveCfg = Debug|Any CPU
		{6A126DEE-1C4B-4205-97D0-A87D088D7673}.Debug|x86.Build.0 = Debug|Any CPU
		{6A126DEE-1C4B-4205-97D0-A87D088D7673}.Release|Any CPU.ActiveCfg = Release|Any CPU
		{6A126DEE-1C4B-4205-97D0-A87D088D7673}.Release|Any CPU.Build.0 = Release|Any CPU
		{6A126DEE-1C4B-4205-97D0-A87D088D7673}.Release|Mixed Platforms.ActiveCfg = Release|Any CPU
		{6A126DEE-1C4B-4205-97D0-A87D088D7673}.Release|Mixed Platforms.Build.0 = Release|Any CPU
		{6A126DEE-1C4B-4205-97D0-A87D088D7673}.Release|x64.ActiveCfg = Release|Any CPU
		{6A126DEE-1C4B-4205-97D0-A87D088D7673}.Release|x64.Build.0 = Release|Any CPU
		{6A126DEE-1C4B-4205-97D0-A87D088D7673}.Release|x86.ActiveCfg = Release|Any CPU
		{6A126DEE-1C4B-4205-97D0-A87D088D7673}.Release|x86.Build.0 = Release|Any CPU
		{AD93EBC5-4F11-4F83-B9B3-B289B743D3F2}.Debug|Any CPU.ActiveCfg = Debug|Any CPU
		{AD93EBC5-4F11-4F83-B9B3-B289B743D3F2}.Debug|Any CPU.Build.0 = Debug|Any CPU
		{AD93EBC5-4F11-4F83-B9B3-B289B743D3F2}.Debug|Mixed Platforms.ActiveCfg = Debug|Any CPU
		{AD93EBC5-4F11-4F83-B9B3-B289B743D3F2}.Debug|Mixed Platforms.Build.0 = Debug|Any CPU
		{AD93EBC5-4F11-4F83-B9B3-B289B743D3F2}.Debug|x64.ActiveCfg = Debug|Any CPU
		{AD93EBC5-4F11-4F83-B9B3-B289B743D3F2}.Debug|x64.Build.0 = Debug|Any CPU
		{AD93EBC5-4F11-4F83-B9B3-B289B743D3F2}.Debug|x86.ActiveCfg = Debug|Any CPU
		{AD93EBC5-4F11-4F83-B9B3-B289B743D3F2}.Debug|x86.Build.0 = Debug|Any CPU
		{AD93EBC5-4F11-4F83-B9B3-B289B743D3F2}.Release|Any CPU.ActiveCfg = Release|Any CPU
		{AD93EBC5-4F11-4F83-B9B3-B289B743D3F2}.Release|Any CPU.Build.0 = Release|Any CPU
		{AD93EBC5-4F11-4F83-B9B3-B289B743D3F2}.Release|Mixed Platforms.ActiveCfg = Release|Any CPU
		{AD93EBC5-4F11-4F83-B9B3-B289B743D3F2}.Release|Mixed Platforms.Build.0 = Release|Any CPU
		{AD93EBC5-4F11-4F83-B9B3-B289B743D3F2}.Release|x64.ActiveCfg = Release|Any CPU
		{AD93EBC5-4F11-4F83-B9B3-B289B743D3F2}.Release|x64.Build.0 = Release|Any CPU
		{AD93EBC5-4F11-4F83-B9B3-B289B743D3F2}.Release|x86.ActiveCfg = Release|Any CPU
		{AD93EBC5-4F11-4F83-B9B3-B289B743D3F2}.Release|x86.Build.0 = Release|Any CPU
		{14630D35-BC54-4A02-972F-ABF98772C9C0}.Debug|Any CPU.ActiveCfg = Debug|Any CPU
		{14630D35-BC54-4A02-972F-ABF98772C9C0}.Debug|Any CPU.Build.0 = Debug|Any CPU
		{14630D35-BC54-4A02-972F-ABF98772C9C0}.Debug|Mixed Platforms.ActiveCfg = Debug|Any CPU
		{14630D35-BC54-4A02-972F-ABF98772C9C0}.Debug|Mixed Platforms.Build.0 = Debug|Any CPU
		{14630D35-BC54-4A02-972F-ABF98772C9C0}.Debug|x64.ActiveCfg = Debug|Any CPU
		{14630D35-BC54-4A02-972F-ABF98772C9C0}.Debug|x64.Build.0 = Debug|Any CPU
		{14630D35-BC54-4A02-972F-ABF98772C9C0}.Debug|x86.ActiveCfg = Debug|Any CPU
		{14630D35-BC54-4A02-972F-ABF98772C9C0}.Debug|x86.Build.0 = Debug|Any CPU
		{14630D35-BC54-4A02-972F-ABF98772C9C0}.Release|Any CPU.ActiveCfg = Release|Any CPU
		{14630D35-BC54-4A02-972F-ABF98772C9C0}.Release|Any CPU.Build.0 = Release|Any CPU
		{14630D35-BC54-4A02-972F-ABF98772C9C0}.Release|Mixed Platforms.ActiveCfg = Release|Any CPU
		{14630D35-BC54-4A02-972F-ABF98772C9C0}.Release|Mixed Platforms.Build.0 = Release|Any CPU
		{14630D35-BC54-4A02-972F-ABF98772C9C0}.Release|x64.ActiveCfg = Release|Any CPU
		{14630D35-BC54-4A02-972F-ABF98772C9C0}.Release|x64.Build.0 = Release|Any CPU
		{14630D35-BC54-4A02-972F-ABF98772C9C0}.Release|x86.ActiveCfg = Release|Any CPU
		{14630D35-BC54-4A02-972F-ABF98772C9C0}.Release|x86.Build.0 = Release|Any CPU
		{60719C54-9719-48F7-9376-595AB9FAE4C0}.Debug|Any CPU.ActiveCfg = Debug|Any CPU
		{60719C54-9719-48F7-9376-595AB9FAE4C0}.Debug|Any CPU.Build.0 = Debug|Any CPU
		{60719C54-9719-48F7-9376-595AB9FAE4C0}.Debug|Mixed Platforms.ActiveCfg = Debug|Any CPU
		{60719C54-9719-48F7-9376-595AB9FAE4C0}.Debug|Mixed Platforms.Build.0 = Debug|Any CPU
		{60719C54-9719-48F7-9376-595AB9FAE4C0}.Debug|x64.ActiveCfg = Debug|Any CPU
		{60719C54-9719-48F7-9376-595AB9FAE4C0}.Debug|x64.Build.0 = Debug|Any CPU
		{60719C54-9719-48F7-9376-595AB9FAE4C0}.Debug|x86.ActiveCfg = Debug|Any CPU
		{60719C54-9719-48F7-9376-595AB9FAE4C0}.Debug|x86.Build.0 = Debug|Any CPU
		{60719C54-9719-48F7-9376-595AB9FAE4C0}.Release|Any CPU.ActiveCfg = Release|Any CPU
		{60719C54-9719-48F7-9376-595AB9FAE4C0}.Release|Any CPU.Build.0 = Release|Any CPU
		{60719C54-9719-48F7-9376-595AB9FAE4C0}.Release|Mixed Platforms.ActiveCfg = Release|Any CPU
		{60719C54-9719-48F7-9376-595AB9FAE4C0}.Release|Mixed Platforms.Build.0 = Release|Any CPU
		{60719C54-9719-48F7-9376-595AB9FAE4C0}.Release|x64.ActiveCfg = Release|Any CPU
		{60719C54-9719-48F7-9376-595AB9FAE4C0}.Release|x64.Build.0 = Release|Any CPU
		{60719C54-9719-48F7-9376-595AB9FAE4C0}.Release|x86.ActiveCfg = Release|Any CPU
		{60719C54-9719-48F7-9376-595AB9FAE4C0}.Release|x86.Build.0 = Release|Any CPU
		{5C9DD50F-AACF-48A1-A3F1-B07D51071E44}.Debug|Any CPU.ActiveCfg = Debug|Any CPU
		{5C9DD50F-AACF-48A1-A3F1-B07D51071E44}.Debug|Any CPU.Build.0 = Debug|Any CPU
		{5C9DD50F-AACF-48A1-A3F1-B07D51071E44}.Debug|Mixed Platforms.ActiveCfg = Debug|Any CPU
		{5C9DD50F-AACF-48A1-A3F1-B07D51071E44}.Debug|Mixed Platforms.Build.0 = Debug|Any CPU
		{5C9DD50F-AACF-48A1-A3F1-B07D51071E44}.Debug|x64.ActiveCfg = Debug|Any CPU
		{5C9DD50F-AACF-48A1-A3F1-B07D51071E44}.Debug|x64.Build.0 = Debug|Any CPU
		{5C9DD50F-AACF-48A1-A3F1-B07D51071E44}.Debug|x86.ActiveCfg = Debug|Any CPU
		{5C9DD50F-AACF-48A1-A3F1-B07D51071E44}.Debug|x86.Build.0 = Debug|Any CPU
		{5C9DD50F-AACF-48A1-A3F1-B07D51071E44}.Release|Any CPU.ActiveCfg = Release|Any CPU
		{5C9DD50F-AACF-48A1-A3F1-B07D51071E44}.Release|Any CPU.Build.0 = Release|Any CPU
		{5C9DD50F-AACF-48A1-A3F1-B07D51071E44}.Release|Mixed Platforms.ActiveCfg = Release|Any CPU
		{5C9DD50F-AACF-48A1-A3F1-B07D51071E44}.Release|Mixed Platforms.Build.0 = Release|Any CPU
		{5C9DD50F-AACF-48A1-A3F1-B07D51071E44}.Release|x64.ActiveCfg = Release|Any CPU
		{5C9DD50F-AACF-48A1-A3F1-B07D51071E44}.Release|x64.Build.0 = Release|Any CPU
		{5C9DD50F-AACF-48A1-A3F1-B07D51071E44}.Release|x86.ActiveCfg = Release|Any CPU
		{5C9DD50F-AACF-48A1-A3F1-B07D51071E44}.Release|x86.Build.0 = Release|Any CPU
		{BD1BC6A1-11A7-46ED-9716-51C672A681B8}.Debug|Any CPU.ActiveCfg = Debug|Any CPU
		{BD1BC6A1-11A7-46ED-9716-51C672A681B8}.Debug|Any CPU.Build.0 = Debug|Any CPU
		{BD1BC6A1-11A7-46ED-9716-51C672A681B8}.Debug|Mixed Platforms.ActiveCfg = Debug|Any CPU
		{BD1BC6A1-11A7-46ED-9716-51C672A681B8}.Debug|Mixed Platforms.Build.0 = Debug|Any CPU
		{BD1BC6A1-11A7-46ED-9716-51C672A681B8}.Debug|x64.ActiveCfg = Debug|Any CPU
		{BD1BC6A1-11A7-46ED-9716-51C672A681B8}.Debug|x64.Build.0 = Debug|Any CPU
		{BD1BC6A1-11A7-46ED-9716-51C672A681B8}.Debug|x86.ActiveCfg = Debug|Any CPU
		{BD1BC6A1-11A7-46ED-9716-51C672A681B8}.Debug|x86.Build.0 = Debug|Any CPU
		{BD1BC6A1-11A7-46ED-9716-51C672A681B8}.Release|Any CPU.ActiveCfg = Release|Any CPU
		{BD1BC6A1-11A7-46ED-9716-51C672A681B8}.Release|Any CPU.Build.0 = Release|Any CPU
		{BD1BC6A1-11A7-46ED-9716-51C672A681B8}.Release|Mixed Platforms.ActiveCfg = Release|Any CPU
		{BD1BC6A1-11A7-46ED-9716-51C672A681B8}.Release|Mixed Platforms.Build.0 = Release|Any CPU
		{BD1BC6A1-11A7-46ED-9716-51C672A681B8}.Release|x64.ActiveCfg = Release|Any CPU
		{BD1BC6A1-11A7-46ED-9716-51C672A681B8}.Release|x64.Build.0 = Release|Any CPU
		{BD1BC6A1-11A7-46ED-9716-51C672A681B8}.Release|x86.ActiveCfg = Release|Any CPU
		{BD1BC6A1-11A7-46ED-9716-51C672A681B8}.Release|x86.Build.0 = Release|Any CPU
		{1A700869-6300-479F-9F63-4CFC3FEEC85B}.Debug|Any CPU.ActiveCfg = Debug|Any CPU
		{1A700869-6300-479F-9F63-4CFC3FEEC85B}.Debug|Any CPU.Build.0 = Debug|Any CPU
		{1A700869-6300-479F-9F63-4CFC3FEEC85B}.Debug|Mixed Platforms.ActiveCfg = Debug|Any CPU
		{1A700869-6300-479F-9F63-4CFC3FEEC85B}.Debug|Mixed Platforms.Build.0 = Debug|Any CPU
		{1A700869-6300-479F-9F63-4CFC3FEEC85B}.Debug|x64.ActiveCfg = Debug|Any CPU
		{1A700869-6300-479F-9F63-4CFC3FEEC85B}.Debug|x64.Build.0 = Debug|Any CPU
		{1A700869-6300-479F-9F63-4CFC3FEEC85B}.Debug|x86.ActiveCfg = Debug|Any CPU
		{1A700869-6300-479F-9F63-4CFC3FEEC85B}.Debug|x86.Build.0 = Debug|Any CPU
		{1A700869-6300-479F-9F63-4CFC3FEEC85B}.Release|Any CPU.ActiveCfg = Release|Any CPU
		{1A700869-6300-479F-9F63-4CFC3FEEC85B}.Release|Any CPU.Build.0 = Release|Any CPU
		{1A700869-6300-479F-9F63-4CFC3FEEC85B}.Release|Mixed Platforms.ActiveCfg = Release|Any CPU
		{1A700869-6300-479F-9F63-4CFC3FEEC85B}.Release|Mixed Platforms.Build.0 = Release|Any CPU
		{1A700869-6300-479F-9F63-4CFC3FEEC85B}.Release|x64.ActiveCfg = Release|Any CPU
		{1A700869-6300-479F-9F63-4CFC3FEEC85B}.Release|x64.Build.0 = Release|Any CPU
		{1A700869-6300-479F-9F63-4CFC3FEEC85B}.Release|x86.ActiveCfg = Release|Any CPU
		{1A700869-6300-479F-9F63-4CFC3FEEC85B}.Release|x86.Build.0 = Release|Any CPU
		{DEF3255F-DA16-4EF9-A4DE-D46B90D8937F}.Debug|Any CPU.ActiveCfg = Debug|Any CPU
		{DEF3255F-DA16-4EF9-A4DE-D46B90D8937F}.Debug|Any CPU.Build.0 = Debug|Any CPU
		{DEF3255F-DA16-4EF9-A4DE-D46B90D8937F}.Debug|Mixed Platforms.ActiveCfg = Debug|Any CPU
		{DEF3255F-DA16-4EF9-A4DE-D46B90D8937F}.Debug|Mixed Platforms.Build.0 = Debug|Any CPU
		{DEF3255F-DA16-4EF9-A4DE-D46B90D8937F}.Debug|x64.ActiveCfg = Debug|Any CPU
		{DEF3255F-DA16-4EF9-A4DE-D46B90D8937F}.Debug|x64.Build.0 = Debug|Any CPU
		{DEF3255F-DA16-4EF9-A4DE-D46B90D8937F}.Debug|x86.ActiveCfg = Debug|Any CPU
		{DEF3255F-DA16-4EF9-A4DE-D46B90D8937F}.Debug|x86.Build.0 = Debug|Any CPU
		{DEF3255F-DA16-4EF9-A4DE-D46B90D8937F}.Release|Any CPU.ActiveCfg = Release|Any CPU
		{DEF3255F-DA16-4EF9-A4DE-D46B90D8937F}.Release|Any CPU.Build.0 = Release|Any CPU
		{DEF3255F-DA16-4EF9-A4DE-D46B90D8937F}.Release|Mixed Platforms.ActiveCfg = Release|Any CPU
		{DEF3255F-DA16-4EF9-A4DE-D46B90D8937F}.Release|Mixed Platforms.Build.0 = Release|Any CPU
		{DEF3255F-DA16-4EF9-A4DE-D46B90D8937F}.Release|x64.ActiveCfg = Release|Any CPU
		{DEF3255F-DA16-4EF9-A4DE-D46B90D8937F}.Release|x64.Build.0 = Release|Any CPU
		{DEF3255F-DA16-4EF9-A4DE-D46B90D8937F}.Release|x86.ActiveCfg = Release|Any CPU
		{DEF3255F-DA16-4EF9-A4DE-D46B90D8937F}.Release|x86.Build.0 = Release|Any CPU
		{B9F86F3E-BA30-438C-8D60-AF9CE2C7ED7A}.Debug|Any CPU.ActiveCfg = Debug|Any CPU
		{B9F86F3E-BA30-438C-8D60-AF9CE2C7ED7A}.Debug|Any CPU.Build.0 = Debug|Any CPU
		{B9F86F3E-BA30-438C-8D60-AF9CE2C7ED7A}.Debug|Mixed Platforms.ActiveCfg = Debug|Any CPU
		{B9F86F3E-BA30-438C-8D60-AF9CE2C7ED7A}.Debug|Mixed Platforms.Build.0 = Debug|Any CPU
		{B9F86F3E-BA30-438C-8D60-AF9CE2C7ED7A}.Debug|x64.ActiveCfg = Debug|Any CPU
		{B9F86F3E-BA30-438C-8D60-AF9CE2C7ED7A}.Debug|x64.Build.0 = Debug|Any CPU
		{B9F86F3E-BA30-438C-8D60-AF9CE2C7ED7A}.Debug|x86.ActiveCfg = Debug|Any CPU
		{B9F86F3E-BA30-438C-8D60-AF9CE2C7ED7A}.Debug|x86.Build.0 = Debug|Any CPU
		{B9F86F3E-BA30-438C-8D60-AF9CE2C7ED7A}.Release|Any CPU.ActiveCfg = Release|Any CPU
		{B9F86F3E-BA30-438C-8D60-AF9CE2C7ED7A}.Release|Any CPU.Build.0 = Release|Any CPU
		{B9F86F3E-BA30-438C-8D60-AF9CE2C7ED7A}.Release|Mixed Platforms.ActiveCfg = Release|Any CPU
		{B9F86F3E-BA30-438C-8D60-AF9CE2C7ED7A}.Release|Mixed Platforms.Build.0 = Release|Any CPU
		{B9F86F3E-BA30-438C-8D60-AF9CE2C7ED7A}.Release|x64.ActiveCfg = Release|Any CPU
		{B9F86F3E-BA30-438C-8D60-AF9CE2C7ED7A}.Release|x64.Build.0 = Release|Any CPU
		{B9F86F3E-BA30-438C-8D60-AF9CE2C7ED7A}.Release|x86.ActiveCfg = Release|Any CPU
		{B9F86F3E-BA30-438C-8D60-AF9CE2C7ED7A}.Release|x86.Build.0 = Release|Any CPU
		{3F6C2EA3-9FD8-4CFA-8ABC-CF3EF6FA8C32}.Debug|Any CPU.ActiveCfg = Debug|Any CPU
		{3F6C2EA3-9FD8-4CFA-8ABC-CF3EF6FA8C32}.Debug|Any CPU.Build.0 = Debug|Any CPU
		{3F6C2EA3-9FD8-4CFA-8ABC-CF3EF6FA8C32}.Debug|Mixed Platforms.ActiveCfg = Debug|Any CPU
		{3F6C2EA3-9FD8-4CFA-8ABC-CF3EF6FA8C32}.Debug|Mixed Platforms.Build.0 = Debug|Any CPU
		{3F6C2EA3-9FD8-4CFA-8ABC-CF3EF6FA8C32}.Debug|x64.ActiveCfg = Debug|Any CPU
		{3F6C2EA3-9FD8-4CFA-8ABC-CF3EF6FA8C32}.Debug|x64.Build.0 = Debug|Any CPU
		{3F6C2EA3-9FD8-4CFA-8ABC-CF3EF6FA8C32}.Debug|x86.ActiveCfg = Debug|Any CPU
		{3F6C2EA3-9FD8-4CFA-8ABC-CF3EF6FA8C32}.Debug|x86.Build.0 = Debug|Any CPU
		{3F6C2EA3-9FD8-4CFA-8ABC-CF3EF6FA8C32}.Release|Any CPU.ActiveCfg = Release|Any CPU
		{3F6C2EA3-9FD8-4CFA-8ABC-CF3EF6FA8C32}.Release|Any CPU.Build.0 = Release|Any CPU
		{3F6C2EA3-9FD8-4CFA-8ABC-CF3EF6FA8C32}.Release|Mixed Platforms.ActiveCfg = Release|Any CPU
		{3F6C2EA3-9FD8-4CFA-8ABC-CF3EF6FA8C32}.Release|Mixed Platforms.Build.0 = Release|Any CPU
		{3F6C2EA3-9FD8-4CFA-8ABC-CF3EF6FA8C32}.Release|x64.ActiveCfg = Release|Any CPU
		{3F6C2EA3-9FD8-4CFA-8ABC-CF3EF6FA8C32}.Release|x64.Build.0 = Release|Any CPU
		{3F6C2EA3-9FD8-4CFA-8ABC-CF3EF6FA8C32}.Release|x86.ActiveCfg = Release|Any CPU
		{3F6C2EA3-9FD8-4CFA-8ABC-CF3EF6FA8C32}.Release|x86.Build.0 = Release|Any CPU
		{CD90AB87-CA2B-4C0E-B981-D1FA14AF7606}.Debug|Any CPU.ActiveCfg = Debug|Any CPU
		{CD90AB87-CA2B-4C0E-B981-D1FA14AF7606}.Debug|Any CPU.Build.0 = Debug|Any CPU
		{CD90AB87-CA2B-4C0E-B981-D1FA14AF7606}.Debug|Mixed Platforms.ActiveCfg = Debug|Any CPU
		{CD90AB87-CA2B-4C0E-B981-D1FA14AF7606}.Debug|Mixed Platforms.Build.0 = Debug|Any CPU
		{CD90AB87-CA2B-4C0E-B981-D1FA14AF7606}.Debug|x64.ActiveCfg = Debug|Any CPU
		{CD90AB87-CA2B-4C0E-B981-D1FA14AF7606}.Debug|x64.Build.0 = Debug|Any CPU
		{CD90AB87-CA2B-4C0E-B981-D1FA14AF7606}.Debug|x86.ActiveCfg = Debug|Any CPU
		{CD90AB87-CA2B-4C0E-B981-D1FA14AF7606}.Debug|x86.Build.0 = Debug|Any CPU
		{CD90AB87-CA2B-4C0E-B981-D1FA14AF7606}.Release|Any CPU.ActiveCfg = Release|Any CPU
		{CD90AB87-CA2B-4C0E-B981-D1FA14AF7606}.Release|Any CPU.Build.0 = Release|Any CPU
		{CD90AB87-CA2B-4C0E-B981-D1FA14AF7606}.Release|Mixed Platforms.ActiveCfg = Release|Any CPU
		{CD90AB87-CA2B-4C0E-B981-D1FA14AF7606}.Release|Mixed Platforms.Build.0 = Release|Any CPU
		{CD90AB87-CA2B-4C0E-B981-D1FA14AF7606}.Release|x64.ActiveCfg = Release|Any CPU
		{CD90AB87-CA2B-4C0E-B981-D1FA14AF7606}.Release|x64.Build.0 = Release|Any CPU
		{CD90AB87-CA2B-4C0E-B981-D1FA14AF7606}.Release|x86.ActiveCfg = Release|Any CPU
		{CD90AB87-CA2B-4C0E-B981-D1FA14AF7606}.Release|x86.Build.0 = Release|Any CPU
		{EEF3D73F-F4A8-45E6-80DA-84C2731A6EE7}.Debug|Any CPU.ActiveCfg = Debug|Any CPU
		{EEF3D73F-F4A8-45E6-80DA-84C2731A6EE7}.Debug|Any CPU.Build.0 = Debug|Any CPU
		{EEF3D73F-F4A8-45E6-80DA-84C2731A6EE7}.Debug|Mixed Platforms.ActiveCfg = Debug|Any CPU
		{EEF3D73F-F4A8-45E6-80DA-84C2731A6EE7}.Debug|Mixed Platforms.Build.0 = Debug|Any CPU
		{EEF3D73F-F4A8-45E6-80DA-84C2731A6EE7}.Debug|x64.ActiveCfg = Debug|Any CPU
		{EEF3D73F-F4A8-45E6-80DA-84C2731A6EE7}.Debug|x64.Build.0 = Debug|Any CPU
		{EEF3D73F-F4A8-45E6-80DA-84C2731A6EE7}.Debug|x86.ActiveCfg = Debug|Any CPU
		{EEF3D73F-F4A8-45E6-80DA-84C2731A6EE7}.Debug|x86.Build.0 = Debug|Any CPU
		{EEF3D73F-F4A8-45E6-80DA-84C2731A6EE7}.Release|Any CPU.ActiveCfg = Release|Any CPU
		{EEF3D73F-F4A8-45E6-80DA-84C2731A6EE7}.Release|Any CPU.Build.0 = Release|Any CPU
		{EEF3D73F-F4A8-45E6-80DA-84C2731A6EE7}.Release|Mixed Platforms.ActiveCfg = Release|Any CPU
		{EEF3D73F-F4A8-45E6-80DA-84C2731A6EE7}.Release|Mixed Platforms.Build.0 = Release|Any CPU
		{EEF3D73F-F4A8-45E6-80DA-84C2731A6EE7}.Release|x64.ActiveCfg = Release|Any CPU
		{EEF3D73F-F4A8-45E6-80DA-84C2731A6EE7}.Release|x64.Build.0 = Release|Any CPU
		{EEF3D73F-F4A8-45E6-80DA-84C2731A6EE7}.Release|x86.ActiveCfg = Release|Any CPU
		{EEF3D73F-F4A8-45E6-80DA-84C2731A6EE7}.Release|x86.Build.0 = Release|Any CPU
		{6A0F716D-2A63-4EAA-8823-82C501715590}.Debug|Any CPU.ActiveCfg = Debug|Any CPU
		{6A0F716D-2A63-4EAA-8823-82C501715590}.Debug|Any CPU.Build.0 = Debug|Any CPU
		{6A0F716D-2A63-4EAA-8823-82C501715590}.Debug|Mixed Platforms.ActiveCfg = Debug|Any CPU
		{6A0F716D-2A63-4EAA-8823-82C501715590}.Debug|Mixed Platforms.Build.0 = Debug|Any CPU
		{6A0F716D-2A63-4EAA-8823-82C501715590}.Debug|x64.ActiveCfg = Debug|Any CPU
		{6A0F716D-2A63-4EAA-8823-82C501715590}.Debug|x64.Build.0 = Debug|Any CPU
		{6A0F716D-2A63-4EAA-8823-82C501715590}.Debug|x86.ActiveCfg = Debug|Any CPU
		{6A0F716D-2A63-4EAA-8823-82C501715590}.Debug|x86.Build.0 = Debug|Any CPU
		{6A0F716D-2A63-4EAA-8823-82C501715590}.Release|Any CPU.ActiveCfg = Release|Any CPU
		{6A0F716D-2A63-4EAA-8823-82C501715590}.Release|Any CPU.Build.0 = Release|Any CPU
		{6A0F716D-2A63-4EAA-8823-82C501715590}.Release|Mixed Platforms.ActiveCfg = Release|Any CPU
		{6A0F716D-2A63-4EAA-8823-82C501715590}.Release|Mixed Platforms.Build.0 = Release|Any CPU
		{6A0F716D-2A63-4EAA-8823-82C501715590}.Release|x64.ActiveCfg = Release|Any CPU
		{6A0F716D-2A63-4EAA-8823-82C501715590}.Release|x64.Build.0 = Release|Any CPU
		{6A0F716D-2A63-4EAA-8823-82C501715590}.Release|x86.ActiveCfg = Release|Any CPU
		{6A0F716D-2A63-4EAA-8823-82C501715590}.Release|x86.Build.0 = Release|Any CPU
		{928A61DD-420B-4867-9DA4-C466A1808B10}.Debug|Any CPU.ActiveCfg = Debug|Any CPU
		{928A61DD-420B-4867-9DA4-C466A1808B10}.Debug|Any CPU.Build.0 = Debug|Any CPU
		{928A61DD-420B-4867-9DA4-C466A1808B10}.Debug|Mixed Platforms.ActiveCfg = Debug|Any CPU
		{928A61DD-420B-4867-9DA4-C466A1808B10}.Debug|Mixed Platforms.Build.0 = Debug|Any CPU
		{928A61DD-420B-4867-9DA4-C466A1808B10}.Debug|x64.ActiveCfg = Debug|Any CPU
		{928A61DD-420B-4867-9DA4-C466A1808B10}.Debug|x64.Build.0 = Debug|Any CPU
		{928A61DD-420B-4867-9DA4-C466A1808B10}.Debug|x86.ActiveCfg = Debug|Any CPU
		{928A61DD-420B-4867-9DA4-C466A1808B10}.Debug|x86.Build.0 = Debug|Any CPU
		{928A61DD-420B-4867-9DA4-C466A1808B10}.Release|Any CPU.ActiveCfg = Release|Any CPU
		{928A61DD-420B-4867-9DA4-C466A1808B10}.Release|Any CPU.Build.0 = Release|Any CPU
		{928A61DD-420B-4867-9DA4-C466A1808B10}.Release|Mixed Platforms.ActiveCfg = Release|Any CPU
		{928A61DD-420B-4867-9DA4-C466A1808B10}.Release|Mixed Platforms.Build.0 = Release|Any CPU
		{928A61DD-420B-4867-9DA4-C466A1808B10}.Release|x64.ActiveCfg = Release|Any CPU
		{928A61DD-420B-4867-9DA4-C466A1808B10}.Release|x64.Build.0 = Release|Any CPU
		{928A61DD-420B-4867-9DA4-C466A1808B10}.Release|x86.ActiveCfg = Release|Any CPU
		{928A61DD-420B-4867-9DA4-C466A1808B10}.Release|x86.Build.0 = Release|Any CPU
		{206C0AC5-F7E9-453A-9E52-4EB6EB9A0E0E}.Debug|Any CPU.ActiveCfg = Debug|Any CPU
		{206C0AC5-F7E9-453A-9E52-4EB6EB9A0E0E}.Debug|Any CPU.Build.0 = Debug|Any CPU
		{206C0AC5-F7E9-453A-9E52-4EB6EB9A0E0E}.Debug|Mixed Platforms.ActiveCfg = Debug|Any CPU
		{206C0AC5-F7E9-453A-9E52-4EB6EB9A0E0E}.Debug|Mixed Platforms.Build.0 = Debug|Any CPU
		{206C0AC5-F7E9-453A-9E52-4EB6EB9A0E0E}.Debug|x64.ActiveCfg = Debug|Any CPU
		{206C0AC5-F7E9-453A-9E52-4EB6EB9A0E0E}.Debug|x64.Build.0 = Debug|Any CPU
		{206C0AC5-F7E9-453A-9E52-4EB6EB9A0E0E}.Debug|x86.ActiveCfg = Debug|Any CPU
		{206C0AC5-F7E9-453A-9E52-4EB6EB9A0E0E}.Debug|x86.Build.0 = Debug|Any CPU
		{206C0AC5-F7E9-453A-9E52-4EB6EB9A0E0E}.Release|Any CPU.ActiveCfg = Release|Any CPU
		{206C0AC5-F7E9-453A-9E52-4EB6EB9A0E0E}.Release|Any CPU.Build.0 = Release|Any CPU
		{206C0AC5-F7E9-453A-9E52-4EB6EB9A0E0E}.Release|Mixed Platforms.ActiveCfg = Release|Any CPU
		{206C0AC5-F7E9-453A-9E52-4EB6EB9A0E0E}.Release|Mixed Platforms.Build.0 = Release|Any CPU
		{206C0AC5-F7E9-453A-9E52-4EB6EB9A0E0E}.Release|x64.ActiveCfg = Release|Any CPU
		{206C0AC5-F7E9-453A-9E52-4EB6EB9A0E0E}.Release|x64.Build.0 = Release|Any CPU
		{206C0AC5-F7E9-453A-9E52-4EB6EB9A0E0E}.Release|x86.ActiveCfg = Release|Any CPU
		{206C0AC5-F7E9-453A-9E52-4EB6EB9A0E0E}.Release|x86.Build.0 = Release|Any CPU
		{C2D9FD99-4319-4B1D-BE6E-ACB0E30DDAC4}.Debug|Any CPU.ActiveCfg = Debug|Any CPU
		{C2D9FD99-4319-4B1D-BE6E-ACB0E30DDAC4}.Debug|Any CPU.Build.0 = Debug|Any CPU
		{C2D9FD99-4319-4B1D-BE6E-ACB0E30DDAC4}.Debug|Mixed Platforms.ActiveCfg = Debug|Any CPU
		{C2D9FD99-4319-4B1D-BE6E-ACB0E30DDAC4}.Debug|Mixed Platforms.Build.0 = Debug|Any CPU
		{C2D9FD99-4319-4B1D-BE6E-ACB0E30DDAC4}.Debug|x64.ActiveCfg = Debug|Any CPU
		{C2D9FD99-4319-4B1D-BE6E-ACB0E30DDAC4}.Debug|x64.Build.0 = Debug|Any CPU
		{C2D9FD99-4319-4B1D-BE6E-ACB0E30DDAC4}.Debug|x86.ActiveCfg = Debug|Any CPU
		{C2D9FD99-4319-4B1D-BE6E-ACB0E30DDAC4}.Debug|x86.Build.0 = Debug|Any CPU
		{C2D9FD99-4319-4B1D-BE6E-ACB0E30DDAC4}.Release|Any CPU.ActiveCfg = Release|Any CPU
		{C2D9FD99-4319-4B1D-BE6E-ACB0E30DDAC4}.Release|Any CPU.Build.0 = Release|Any CPU
		{C2D9FD99-4319-4B1D-BE6E-ACB0E30DDAC4}.Release|Mixed Platforms.ActiveCfg = Release|Any CPU
		{C2D9FD99-4319-4B1D-BE6E-ACB0E30DDAC4}.Release|Mixed Platforms.Build.0 = Release|Any CPU
		{C2D9FD99-4319-4B1D-BE6E-ACB0E30DDAC4}.Release|x64.ActiveCfg = Release|Any CPU
		{C2D9FD99-4319-4B1D-BE6E-ACB0E30DDAC4}.Release|x64.Build.0 = Release|Any CPU
		{C2D9FD99-4319-4B1D-BE6E-ACB0E30DDAC4}.Release|x86.ActiveCfg = Release|Any CPU
		{C2D9FD99-4319-4B1D-BE6E-ACB0E30DDAC4}.Release|x86.Build.0 = Release|Any CPU
		{11232331-E8DC-41F5-9BA7-B9CA0A96664F}.Debug|Any CPU.ActiveCfg = Debug|Any CPU
		{11232331-E8DC-41F5-9BA7-B9CA0A96664F}.Debug|Any CPU.Build.0 = Debug|Any CPU
		{11232331-E8DC-41F5-9BA7-B9CA0A96664F}.Debug|Mixed Platforms.ActiveCfg = Debug|Any CPU
		{11232331-E8DC-41F5-9BA7-B9CA0A96664F}.Debug|Mixed Platforms.Build.0 = Debug|Any CPU
		{11232331-E8DC-41F5-9BA7-B9CA0A96664F}.Debug|x64.ActiveCfg = Debug|Any CPU
		{11232331-E8DC-41F5-9BA7-B9CA0A96664F}.Debug|x64.Build.0 = Debug|Any CPU
		{11232331-E8DC-41F5-9BA7-B9CA0A96664F}.Debug|x86.ActiveCfg = Debug|Any CPU
		{11232331-E8DC-41F5-9BA7-B9CA0A96664F}.Debug|x86.Build.0 = Debug|Any CPU
		{11232331-E8DC-41F5-9BA7-B9CA0A96664F}.Release|Any CPU.ActiveCfg = Release|Any CPU
		{11232331-E8DC-41F5-9BA7-B9CA0A96664F}.Release|Any CPU.Build.0 = Release|Any CPU
		{11232331-E8DC-41F5-9BA7-B9CA0A96664F}.Release|Mixed Platforms.ActiveCfg = Release|Any CPU
		{11232331-E8DC-41F5-9BA7-B9CA0A96664F}.Release|Mixed Platforms.Build.0 = Release|Any CPU
		{11232331-E8DC-41F5-9BA7-B9CA0A96664F}.Release|x64.ActiveCfg = Release|Any CPU
		{11232331-E8DC-41F5-9BA7-B9CA0A96664F}.Release|x64.Build.0 = Release|Any CPU
		{11232331-E8DC-41F5-9BA7-B9CA0A96664F}.Release|x86.ActiveCfg = Release|Any CPU
		{11232331-E8DC-41F5-9BA7-B9CA0A96664F}.Release|x86.Build.0 = Release|Any CPU
		{86C36C3A-3D88-430F-9A50-D2E37571BF8E}.Debug|Any CPU.ActiveCfg = Debug|Any CPU
		{86C36C3A-3D88-430F-9A50-D2E37571BF8E}.Debug|Any CPU.Build.0 = Debug|Any CPU
		{86C36C3A-3D88-430F-9A50-D2E37571BF8E}.Debug|Mixed Platforms.ActiveCfg = Debug|Any CPU
		{86C36C3A-3D88-430F-9A50-D2E37571BF8E}.Debug|Mixed Platforms.Build.0 = Debug|Any CPU
		{86C36C3A-3D88-430F-9A50-D2E37571BF8E}.Debug|x64.ActiveCfg = Debug|Any CPU
		{86C36C3A-3D88-430F-9A50-D2E37571BF8E}.Debug|x64.Build.0 = Debug|Any CPU
		{86C36C3A-3D88-430F-9A50-D2E37571BF8E}.Debug|x86.ActiveCfg = Debug|Any CPU
		{86C36C3A-3D88-430F-9A50-D2E37571BF8E}.Debug|x86.Build.0 = Debug|Any CPU
		{86C36C3A-3D88-430F-9A50-D2E37571BF8E}.Release|Any CPU.ActiveCfg = Release|Any CPU
		{86C36C3A-3D88-430F-9A50-D2E37571BF8E}.Release|Any CPU.Build.0 = Release|Any CPU
		{86C36C3A-3D88-430F-9A50-D2E37571BF8E}.Release|Mixed Platforms.ActiveCfg = Release|Any CPU
		{86C36C3A-3D88-430F-9A50-D2E37571BF8E}.Release|Mixed Platforms.Build.0 = Release|Any CPU
		{86C36C3A-3D88-430F-9A50-D2E37571BF8E}.Release|x64.ActiveCfg = Release|Any CPU
		{86C36C3A-3D88-430F-9A50-D2E37571BF8E}.Release|x64.Build.0 = Release|Any CPU
		{86C36C3A-3D88-430F-9A50-D2E37571BF8E}.Release|x86.ActiveCfg = Release|Any CPU
		{86C36C3A-3D88-430F-9A50-D2E37571BF8E}.Release|x86.Build.0 = Release|Any CPU
		{CE3B69DE-B69E-4CF8-B0D0-CE3CE9101256}.Debug|Any CPU.ActiveCfg = Debug|x86
		{CE3B69DE-B69E-4CF8-B0D0-CE3CE9101256}.Debug|Any CPU.Build.0 = Debug|x86
		{CE3B69DE-B69E-4CF8-B0D0-CE3CE9101256}.Debug|Mixed Platforms.ActiveCfg = Debug|x86
		{CE3B69DE-B69E-4CF8-B0D0-CE3CE9101256}.Debug|Mixed Platforms.Build.0 = Debug|x86
		{CE3B69DE-B69E-4CF8-B0D0-CE3CE9101256}.Debug|x64.ActiveCfg = Debug|x64
		{CE3B69DE-B69E-4CF8-B0D0-CE3CE9101256}.Debug|x64.Build.0 = Debug|x64
		{CE3B69DE-B69E-4CF8-B0D0-CE3CE9101256}.Debug|x86.ActiveCfg = Debug|x86
		{CE3B69DE-B69E-4CF8-B0D0-CE3CE9101256}.Debug|x86.Build.0 = Debug|x86
		{CE3B69DE-B69E-4CF8-B0D0-CE3CE9101256}.Release|Any CPU.ActiveCfg = Release|x86
		{CE3B69DE-B69E-4CF8-B0D0-CE3CE9101256}.Release|Any CPU.Build.0 = Release|x86
		{CE3B69DE-B69E-4CF8-B0D0-CE3CE9101256}.Release|Mixed Platforms.ActiveCfg = Release|x86
		{CE3B69DE-B69E-4CF8-B0D0-CE3CE9101256}.Release|Mixed Platforms.Build.0 = Release|x86
		{CE3B69DE-B69E-4CF8-B0D0-CE3CE9101256}.Release|x64.ActiveCfg = Release|x64
		{CE3B69DE-B69E-4CF8-B0D0-CE3CE9101256}.Release|x64.Build.0 = Release|x64
		{CE3B69DE-B69E-4CF8-B0D0-CE3CE9101256}.Release|x86.ActiveCfg = Release|x86
		{CE3B69DE-B69E-4CF8-B0D0-CE3CE9101256}.Release|x86.Build.0 = Release|x86
		{1535E099-E5E3-4A99-8179-4C4F848C63C2}.Debug|Any CPU.ActiveCfg = Debug|Any CPU
		{1535E099-E5E3-4A99-8179-4C4F848C63C2}.Debug|Any CPU.Build.0 = Debug|Any CPU
		{1535E099-E5E3-4A99-8179-4C4F848C63C2}.Debug|Mixed Platforms.ActiveCfg = Debug|Any CPU
		{1535E099-E5E3-4A99-8179-4C4F848C63C2}.Debug|Mixed Platforms.Build.0 = Debug|Any CPU
		{1535E099-E5E3-4A99-8179-4C4F848C63C2}.Debug|x64.ActiveCfg = Debug|Any CPU
		{1535E099-E5E3-4A99-8179-4C4F848C63C2}.Debug|x64.Build.0 = Debug|Any CPU
		{1535E099-E5E3-4A99-8179-4C4F848C63C2}.Debug|x86.ActiveCfg = Debug|Any CPU
		{1535E099-E5E3-4A99-8179-4C4F848C63C2}.Debug|x86.Build.0 = Debug|Any CPU
		{1535E099-E5E3-4A99-8179-4C4F848C63C2}.Release|Any CPU.ActiveCfg = Release|Any CPU
		{1535E099-E5E3-4A99-8179-4C4F848C63C2}.Release|Any CPU.Build.0 = Release|Any CPU
		{1535E099-E5E3-4A99-8179-4C4F848C63C2}.Release|Mixed Platforms.ActiveCfg = Release|Any CPU
		{1535E099-E5E3-4A99-8179-4C4F848C63C2}.Release|Mixed Platforms.Build.0 = Release|Any CPU
		{1535E099-E5E3-4A99-8179-4C4F848C63C2}.Release|x64.ActiveCfg = Release|Any CPU
		{1535E099-E5E3-4A99-8179-4C4F848C63C2}.Release|x64.Build.0 = Release|Any CPU
		{1535E099-E5E3-4A99-8179-4C4F848C63C2}.Release|x86.ActiveCfg = Release|Any CPU
		{1535E099-E5E3-4A99-8179-4C4F848C63C2}.Release|x86.Build.0 = Release|Any CPU
		{78B08073-EA41-47AE-ABED-ECEE858832EE}.Debug|Any CPU.ActiveCfg = Debug|Any CPU
		{78B08073-EA41-47AE-ABED-ECEE858832EE}.Debug|Any CPU.Build.0 = Debug|Any CPU
		{78B08073-EA41-47AE-ABED-ECEE858832EE}.Debug|Mixed Platforms.ActiveCfg = Debug|Any CPU
		{78B08073-EA41-47AE-ABED-ECEE858832EE}.Debug|Mixed Platforms.Build.0 = Debug|Any CPU
		{78B08073-EA41-47AE-ABED-ECEE858832EE}.Debug|x64.ActiveCfg = Debug|Any CPU
		{78B08073-EA41-47AE-ABED-ECEE858832EE}.Debug|x64.Build.0 = Debug|Any CPU
		{78B08073-EA41-47AE-ABED-ECEE858832EE}.Debug|x86.ActiveCfg = Debug|Any CPU
		{78B08073-EA41-47AE-ABED-ECEE858832EE}.Debug|x86.Build.0 = Debug|Any CPU
		{78B08073-EA41-47AE-ABED-ECEE858832EE}.Release|Any CPU.ActiveCfg = Release|Any CPU
		{78B08073-EA41-47AE-ABED-ECEE858832EE}.Release|Any CPU.Build.0 = Release|Any CPU
		{78B08073-EA41-47AE-ABED-ECEE858832EE}.Release|Mixed Platforms.ActiveCfg = Release|Any CPU
		{78B08073-EA41-47AE-ABED-ECEE858832EE}.Release|Mixed Platforms.Build.0 = Release|Any CPU
		{78B08073-EA41-47AE-ABED-ECEE858832EE}.Release|x64.ActiveCfg = Release|Any CPU
		{78B08073-EA41-47AE-ABED-ECEE858832EE}.Release|x64.Build.0 = Release|Any CPU
		{78B08073-EA41-47AE-ABED-ECEE858832EE}.Release|x86.ActiveCfg = Release|Any CPU
		{78B08073-EA41-47AE-ABED-ECEE858832EE}.Release|x86.Build.0 = Release|Any CPU
		{E1466467-0370-4F4B-ADD6-F7D378899C47}.Debug|Any CPU.ActiveCfg = Debug|Any CPU
		{E1466467-0370-4F4B-ADD6-F7D378899C47}.Debug|Any CPU.Build.0 = Debug|Any CPU
		{E1466467-0370-4F4B-ADD6-F7D378899C47}.Debug|Mixed Platforms.ActiveCfg = Debug|Any CPU
		{E1466467-0370-4F4B-ADD6-F7D378899C47}.Debug|Mixed Platforms.Build.0 = Debug|Any CPU
		{E1466467-0370-4F4B-ADD6-F7D378899C47}.Debug|x64.ActiveCfg = Debug|Any CPU
		{E1466467-0370-4F4B-ADD6-F7D378899C47}.Debug|x64.Build.0 = Debug|Any CPU
		{E1466467-0370-4F4B-ADD6-F7D378899C47}.Debug|x86.ActiveCfg = Debug|Any CPU
		{E1466467-0370-4F4B-ADD6-F7D378899C47}.Debug|x86.Build.0 = Debug|Any CPU
		{E1466467-0370-4F4B-ADD6-F7D378899C47}.Release|Any CPU.ActiveCfg = Release|Any CPU
		{E1466467-0370-4F4B-ADD6-F7D378899C47}.Release|Any CPU.Build.0 = Release|Any CPU
		{E1466467-0370-4F4B-ADD6-F7D378899C47}.Release|Mixed Platforms.ActiveCfg = Release|Any CPU
		{E1466467-0370-4F4B-ADD6-F7D378899C47}.Release|Mixed Platforms.Build.0 = Release|Any CPU
		{E1466467-0370-4F4B-ADD6-F7D378899C47}.Release|x64.ActiveCfg = Release|Any CPU
		{E1466467-0370-4F4B-ADD6-F7D378899C47}.Release|x64.Build.0 = Release|Any CPU
		{E1466467-0370-4F4B-ADD6-F7D378899C47}.Release|x86.ActiveCfg = Release|Any CPU
		{E1466467-0370-4F4B-ADD6-F7D378899C47}.Release|x86.Build.0 = Release|Any CPU
		{F99D594A-7269-482A-9501-A0038248DDF5}.Debug|Any CPU.ActiveCfg = Debug|Any CPU
		{F99D594A-7269-482A-9501-A0038248DDF5}.Debug|Any CPU.Build.0 = Debug|Any CPU
		{F99D594A-7269-482A-9501-A0038248DDF5}.Debug|Mixed Platforms.ActiveCfg = Debug|Any CPU
		{F99D594A-7269-482A-9501-A0038248DDF5}.Debug|Mixed Platforms.Build.0 = Debug|Any CPU
		{F99D594A-7269-482A-9501-A0038248DDF5}.Debug|x64.ActiveCfg = Debug|Any CPU
		{F99D594A-7269-482A-9501-A0038248DDF5}.Debug|x64.Build.0 = Debug|Any CPU
		{F99D594A-7269-482A-9501-A0038248DDF5}.Debug|x86.ActiveCfg = Debug|Any CPU
		{F99D594A-7269-482A-9501-A0038248DDF5}.Debug|x86.Build.0 = Debug|Any CPU
		{F99D594A-7269-482A-9501-A0038248DDF5}.Release|Any CPU.ActiveCfg = Release|Any CPU
		{F99D594A-7269-482A-9501-A0038248DDF5}.Release|Any CPU.Build.0 = Release|Any CPU
		{F99D594A-7269-482A-9501-A0038248DDF5}.Release|Mixed Platforms.ActiveCfg = Release|Any CPU
		{F99D594A-7269-482A-9501-A0038248DDF5}.Release|Mixed Platforms.Build.0 = Release|Any CPU
		{F99D594A-7269-482A-9501-A0038248DDF5}.Release|x64.ActiveCfg = Release|Any CPU
		{F99D594A-7269-482A-9501-A0038248DDF5}.Release|x64.Build.0 = Release|Any CPU
		{F99D594A-7269-482A-9501-A0038248DDF5}.Release|x86.ActiveCfg = Release|Any CPU
		{F99D594A-7269-482A-9501-A0038248DDF5}.Release|x86.Build.0 = Release|Any CPU
		{9437F691-2F0E-4F82-A151-6802A298AFF4}.Debug|Any CPU.ActiveCfg = Debug|Any CPU
		{9437F691-2F0E-4F82-A151-6802A298AFF4}.Debug|Any CPU.Build.0 = Debug|Any CPU
		{9437F691-2F0E-4F82-A151-6802A298AFF4}.Debug|Mixed Platforms.ActiveCfg = Debug|Any CPU
		{9437F691-2F0E-4F82-A151-6802A298AFF4}.Debug|Mixed Platforms.Build.0 = Debug|Any CPU
		{9437F691-2F0E-4F82-A151-6802A298AFF4}.Debug|x64.ActiveCfg = Debug|Any CPU
		{9437F691-2F0E-4F82-A151-6802A298AFF4}.Debug|x64.Build.0 = Debug|Any CPU
		{9437F691-2F0E-4F82-A151-6802A298AFF4}.Debug|x86.ActiveCfg = Debug|Any CPU
		{9437F691-2F0E-4F82-A151-6802A298AFF4}.Debug|x86.Build.0 = Debug|Any CPU
		{9437F691-2F0E-4F82-A151-6802A298AFF4}.Release|Any CPU.ActiveCfg = Release|Any CPU
		{9437F691-2F0E-4F82-A151-6802A298AFF4}.Release|Any CPU.Build.0 = Release|Any CPU
		{9437F691-2F0E-4F82-A151-6802A298AFF4}.Release|Mixed Platforms.ActiveCfg = Release|Any CPU
		{9437F691-2F0E-4F82-A151-6802A298AFF4}.Release|Mixed Platforms.Build.0 = Release|Any CPU
		{9437F691-2F0E-4F82-A151-6802A298AFF4}.Release|x64.ActiveCfg = Release|Any CPU
		{9437F691-2F0E-4F82-A151-6802A298AFF4}.Release|x64.Build.0 = Release|Any CPU
		{9437F691-2F0E-4F82-A151-6802A298AFF4}.Release|x64.Deploy.0 = Release|Any CPU
		{9437F691-2F0E-4F82-A151-6802A298AFF4}.Release|x86.ActiveCfg = Release|Any CPU
		{9437F691-2F0E-4F82-A151-6802A298AFF4}.Release|x86.Build.0 = Release|Any CPU
		{3344D45D-A3A6-4F78-AA2F-EB24F9CC46A1}.Debug|Any CPU.ActiveCfg = Debug|Any CPU
		{3344D45D-A3A6-4F78-AA2F-EB24F9CC46A1}.Debug|Any CPU.Build.0 = Debug|Any CPU
		{3344D45D-A3A6-4F78-AA2F-EB24F9CC46A1}.Debug|Mixed Platforms.ActiveCfg = Debug|Any CPU
		{3344D45D-A3A6-4F78-AA2F-EB24F9CC46A1}.Debug|Mixed Platforms.Build.0 = Debug|Any CPU
		{3344D45D-A3A6-4F78-AA2F-EB24F9CC46A1}.Debug|x64.ActiveCfg = Debug|Any CPU
		{3344D45D-A3A6-4F78-AA2F-EB24F9CC46A1}.Debug|x64.Build.0 = Debug|Any CPU
		{3344D45D-A3A6-4F78-AA2F-EB24F9CC46A1}.Debug|x86.ActiveCfg = Debug|Any CPU
		{3344D45D-A3A6-4F78-AA2F-EB24F9CC46A1}.Debug|x86.Build.0 = Debug|Any CPU
		{3344D45D-A3A6-4F78-AA2F-EB24F9CC46A1}.Release|Any CPU.ActiveCfg = Release|Any CPU
		{3344D45D-A3A6-4F78-AA2F-EB24F9CC46A1}.Release|Any CPU.Build.0 = Release|Any CPU
		{3344D45D-A3A6-4F78-AA2F-EB24F9CC46A1}.Release|Mixed Platforms.ActiveCfg = Release|Any CPU
		{3344D45D-A3A6-4F78-AA2F-EB24F9CC46A1}.Release|Mixed Platforms.Build.0 = Release|Any CPU
		{3344D45D-A3A6-4F78-AA2F-EB24F9CC46A1}.Release|x64.ActiveCfg = Release|Any CPU
		{3344D45D-A3A6-4F78-AA2F-EB24F9CC46A1}.Release|x64.Build.0 = Release|Any CPU
		{3344D45D-A3A6-4F78-AA2F-EB24F9CC46A1}.Release|x86.ActiveCfg = Release|Any CPU
		{3344D45D-A3A6-4F78-AA2F-EB24F9CC46A1}.Release|x86.Build.0 = Release|Any CPU
		{8F3A6FBB-BDE1-4F08-9126-76FF1F9F8D00}.Debug|Any CPU.ActiveCfg = Debug|Any CPU
		{8F3A6FBB-BDE1-4F08-9126-76FF1F9F8D00}.Debug|Any CPU.Build.0 = Debug|Any CPU
		{8F3A6FBB-BDE1-4F08-9126-76FF1F9F8D00}.Debug|Mixed Platforms.ActiveCfg = Debug|Any CPU
		{8F3A6FBB-BDE1-4F08-9126-76FF1F9F8D00}.Debug|Mixed Platforms.Build.0 = Debug|Any CPU
		{8F3A6FBB-BDE1-4F08-9126-76FF1F9F8D00}.Debug|x64.ActiveCfg = Debug|Any CPU
		{8F3A6FBB-BDE1-4F08-9126-76FF1F9F8D00}.Debug|x64.Build.0 = Debug|Any CPU
		{8F3A6FBB-BDE1-4F08-9126-76FF1F9F8D00}.Debug|x86.ActiveCfg = Debug|Any CPU
		{8F3A6FBB-BDE1-4F08-9126-76FF1F9F8D00}.Debug|x86.Build.0 = Debug|Any CPU
		{8F3A6FBB-BDE1-4F08-9126-76FF1F9F8D00}.Release|Any CPU.ActiveCfg = Release|Any CPU
		{8F3A6FBB-BDE1-4F08-9126-76FF1F9F8D00}.Release|Any CPU.Build.0 = Release|Any CPU
		{8F3A6FBB-BDE1-4F08-9126-76FF1F9F8D00}.Release|Mixed Platforms.ActiveCfg = Release|Any CPU
		{8F3A6FBB-BDE1-4F08-9126-76FF1F9F8D00}.Release|Mixed Platforms.Build.0 = Release|Any CPU
		{8F3A6FBB-BDE1-4F08-9126-76FF1F9F8D00}.Release|x64.ActiveCfg = Release|Any CPU
		{8F3A6FBB-BDE1-4F08-9126-76FF1F9F8D00}.Release|x64.Build.0 = Release|Any CPU
		{8F3A6FBB-BDE1-4F08-9126-76FF1F9F8D00}.Release|x86.ActiveCfg = Release|Any CPU
		{8F3A6FBB-BDE1-4F08-9126-76FF1F9F8D00}.Release|x86.Build.0 = Release|Any CPU
		{5E9806B7-5127-44F0-9574-A96935CB9EB1}.Debug|Any CPU.ActiveCfg = Debug|Any CPU
		{5E9806B7-5127-44F0-9574-A96935CB9EB1}.Debug|Any CPU.Build.0 = Debug|Any CPU
		{5E9806B7-5127-44F0-9574-A96935CB9EB1}.Debug|Mixed Platforms.ActiveCfg = Debug|Any CPU
		{5E9806B7-5127-44F0-9574-A96935CB9EB1}.Debug|Mixed Platforms.Build.0 = Debug|Any CPU
		{5E9806B7-5127-44F0-9574-A96935CB9EB1}.Debug|x64.ActiveCfg = Debug|Any CPU
		{5E9806B7-5127-44F0-9574-A96935CB9EB1}.Debug|x64.Build.0 = Debug|Any CPU
		{5E9806B7-5127-44F0-9574-A96935CB9EB1}.Debug|x86.ActiveCfg = Debug|Any CPU
		{5E9806B7-5127-44F0-9574-A96935CB9EB1}.Debug|x86.Build.0 = Debug|Any CPU
		{5E9806B7-5127-44F0-9574-A96935CB9EB1}.Release|Any CPU.ActiveCfg = Release|Any CPU
		{5E9806B7-5127-44F0-9574-A96935CB9EB1}.Release|Any CPU.Build.0 = Release|Any CPU
		{5E9806B7-5127-44F0-9574-A96935CB9EB1}.Release|Mixed Platforms.ActiveCfg = Release|Any CPU
		{5E9806B7-5127-44F0-9574-A96935CB9EB1}.Release|Mixed Platforms.Build.0 = Release|Any CPU
		{5E9806B7-5127-44F0-9574-A96935CB9EB1}.Release|x64.ActiveCfg = Release|Any CPU
		{5E9806B7-5127-44F0-9574-A96935CB9EB1}.Release|x64.Build.0 = Release|Any CPU
		{5E9806B7-5127-44F0-9574-A96935CB9EB1}.Release|x86.ActiveCfg = Release|Any CPU
		{5E9806B7-5127-44F0-9574-A96935CB9EB1}.Release|x86.Build.0 = Release|Any CPU
		{596078A4-E750-468D-B16B-99A33DE57FF2}.Debug|Any CPU.ActiveCfg = Debug|Any CPU
		{596078A4-E750-468D-B16B-99A33DE57FF2}.Debug|Any CPU.Build.0 = Debug|Any CPU
		{596078A4-E750-468D-B16B-99A33DE57FF2}.Debug|Mixed Platforms.ActiveCfg = Debug|Any CPU
		{596078A4-E750-468D-B16B-99A33DE57FF2}.Debug|Mixed Platforms.Build.0 = Debug|Any CPU
		{596078A4-E750-468D-B16B-99A33DE57FF2}.Debug|x64.ActiveCfg = Debug|Any CPU
		{596078A4-E750-468D-B16B-99A33DE57FF2}.Debug|x64.Build.0 = Debug|Any CPU
		{596078A4-E750-468D-B16B-99A33DE57FF2}.Debug|x86.ActiveCfg = Debug|Any CPU
		{596078A4-E750-468D-B16B-99A33DE57FF2}.Debug|x86.Build.0 = Debug|Any CPU
		{596078A4-E750-468D-B16B-99A33DE57FF2}.Release|Any CPU.ActiveCfg = Release|Any CPU
		{596078A4-E750-468D-B16B-99A33DE57FF2}.Release|Any CPU.Build.0 = Release|Any CPU
		{596078A4-E750-468D-B16B-99A33DE57FF2}.Release|Mixed Platforms.ActiveCfg = Release|Any CPU
		{596078A4-E750-468D-B16B-99A33DE57FF2}.Release|Mixed Platforms.Build.0 = Release|Any CPU
		{596078A4-E750-468D-B16B-99A33DE57FF2}.Release|x64.ActiveCfg = Release|Any CPU
		{596078A4-E750-468D-B16B-99A33DE57FF2}.Release|x64.Build.0 = Release|Any CPU
		{596078A4-E750-468D-B16B-99A33DE57FF2}.Release|x86.ActiveCfg = Release|Any CPU
		{596078A4-E750-468D-B16B-99A33DE57FF2}.Release|x86.Build.0 = Release|Any CPU
		{E6888516-B440-4434-8320-4AA3012C971A}.Debug|Any CPU.ActiveCfg = Debug|Any CPU
		{E6888516-B440-4434-8320-4AA3012C971A}.Debug|Any CPU.Build.0 = Debug|Any CPU
		{E6888516-B440-4434-8320-4AA3012C971A}.Debug|Mixed Platforms.ActiveCfg = Debug|Any CPU
		{E6888516-B440-4434-8320-4AA3012C971A}.Debug|Mixed Platforms.Build.0 = Debug|Any CPU
		{E6888516-B440-4434-8320-4AA3012C971A}.Debug|x64.ActiveCfg = Debug|Any CPU
		{E6888516-B440-4434-8320-4AA3012C971A}.Debug|x64.Build.0 = Debug|Any CPU
		{E6888516-B440-4434-8320-4AA3012C971A}.Debug|x86.ActiveCfg = Debug|Any CPU
		{E6888516-B440-4434-8320-4AA3012C971A}.Debug|x86.Build.0 = Debug|Any CPU
		{E6888516-B440-4434-8320-4AA3012C971A}.Release|Any CPU.ActiveCfg = Release|Any CPU
		{E6888516-B440-4434-8320-4AA3012C971A}.Release|Any CPU.Build.0 = Release|Any CPU
		{E6888516-B440-4434-8320-4AA3012C971A}.Release|Mixed Platforms.ActiveCfg = Release|Any CPU
		{E6888516-B440-4434-8320-4AA3012C971A}.Release|Mixed Platforms.Build.0 = Release|Any CPU
		{E6888516-B440-4434-8320-4AA3012C971A}.Release|x64.ActiveCfg = Release|Any CPU
		{E6888516-B440-4434-8320-4AA3012C971A}.Release|x64.Build.0 = Release|Any CPU
		{E6888516-B440-4434-8320-4AA3012C971A}.Release|x86.ActiveCfg = Release|Any CPU
		{E6888516-B440-4434-8320-4AA3012C971A}.Release|x86.Build.0 = Release|Any CPU
		{B64DFD99-EDA3-4B72-B83B-79C75E3E68FF}.Debug|Any CPU.ActiveCfg = Debug|Any CPU
		{B64DFD99-EDA3-4B72-B83B-79C75E3E68FF}.Debug|Any CPU.Build.0 = Debug|Any CPU
		{B64DFD99-EDA3-4B72-B83B-79C75E3E68FF}.Debug|Mixed Platforms.ActiveCfg = Debug|Any CPU
		{B64DFD99-EDA3-4B72-B83B-79C75E3E68FF}.Debug|Mixed Platforms.Build.0 = Debug|Any CPU
		{B64DFD99-EDA3-4B72-B83B-79C75E3E68FF}.Debug|x64.ActiveCfg = Debug|Any CPU
		{B64DFD99-EDA3-4B72-B83B-79C75E3E68FF}.Debug|x64.Build.0 = Debug|Any CPU
		{B64DFD99-EDA3-4B72-B83B-79C75E3E68FF}.Debug|x86.ActiveCfg = Debug|Any CPU
		{B64DFD99-EDA3-4B72-B83B-79C75E3E68FF}.Debug|x86.Build.0 = Debug|Any CPU
		{B64DFD99-EDA3-4B72-B83B-79C75E3E68FF}.Release|Any CPU.ActiveCfg = Release|Any CPU
		{B64DFD99-EDA3-4B72-B83B-79C75E3E68FF}.Release|Any CPU.Build.0 = Release|Any CPU
		{B64DFD99-EDA3-4B72-B83B-79C75E3E68FF}.Release|Mixed Platforms.ActiveCfg = Release|Any CPU
		{B64DFD99-EDA3-4B72-B83B-79C75E3E68FF}.Release|Mixed Platforms.Build.0 = Release|Any CPU
		{B64DFD99-EDA3-4B72-B83B-79C75E3E68FF}.Release|x64.ActiveCfg = Release|Any CPU
		{B64DFD99-EDA3-4B72-B83B-79C75E3E68FF}.Release|x64.Build.0 = Release|Any CPU
		{B64DFD99-EDA3-4B72-B83B-79C75E3E68FF}.Release|x86.ActiveCfg = Release|Any CPU
		{B64DFD99-EDA3-4B72-B83B-79C75E3E68FF}.Release|x86.Build.0 = Release|Any CPU
		{2181878E-C437-4096-99AF-96F11B99A001}.Debug|Any CPU.ActiveCfg = Debug|Any CPU
		{2181878E-C437-4096-99AF-96F11B99A001}.Debug|Any CPU.Build.0 = Debug|Any CPU
		{2181878E-C437-4096-99AF-96F11B99A001}.Debug|Mixed Platforms.ActiveCfg = Debug|Any CPU
		{2181878E-C437-4096-99AF-96F11B99A001}.Debug|Mixed Platforms.Build.0 = Debug|Any CPU
		{2181878E-C437-4096-99AF-96F11B99A001}.Debug|x64.ActiveCfg = Debug|Any CPU
		{2181878E-C437-4096-99AF-96F11B99A001}.Debug|x64.Build.0 = Debug|Any CPU
		{2181878E-C437-4096-99AF-96F11B99A001}.Debug|x86.ActiveCfg = Debug|Any CPU
		{2181878E-C437-4096-99AF-96F11B99A001}.Debug|x86.Build.0 = Debug|Any CPU
		{2181878E-C437-4096-99AF-96F11B99A001}.Release|Any CPU.ActiveCfg = Release|Any CPU
		{2181878E-C437-4096-99AF-96F11B99A001}.Release|Any CPU.Build.0 = Release|Any CPU
		{2181878E-C437-4096-99AF-96F11B99A001}.Release|Mixed Platforms.ActiveCfg = Release|Any CPU
		{2181878E-C437-4096-99AF-96F11B99A001}.Release|Mixed Platforms.Build.0 = Release|Any CPU
		{2181878E-C437-4096-99AF-96F11B99A001}.Release|x64.ActiveCfg = Release|Any CPU
		{2181878E-C437-4096-99AF-96F11B99A001}.Release|x64.Build.0 = Release|Any CPU
		{2181878E-C437-4096-99AF-96F11B99A001}.Release|x86.ActiveCfg = Release|Any CPU
		{2181878E-C437-4096-99AF-96F11B99A001}.Release|x86.Build.0 = Release|Any CPU
		{0E0E49A9-0A52-446A-902E-0B0B249D73C3}.Debug|Any CPU.ActiveCfg = Debug|Any CPU
		{0E0E49A9-0A52-446A-902E-0B0B249D73C3}.Debug|Any CPU.Build.0 = Debug|Any CPU
		{0E0E49A9-0A52-446A-902E-0B0B249D73C3}.Debug|Mixed Platforms.ActiveCfg = Debug|Any CPU
		{0E0E49A9-0A52-446A-902E-0B0B249D73C3}.Debug|Mixed Platforms.Build.0 = Debug|Any CPU
		{0E0E49A9-0A52-446A-902E-0B0B249D73C3}.Debug|x64.ActiveCfg = Debug|Any CPU
		{0E0E49A9-0A52-446A-902E-0B0B249D73C3}.Debug|x64.Build.0 = Debug|Any CPU
		{0E0E49A9-0A52-446A-902E-0B0B249D73C3}.Debug|x86.ActiveCfg = Debug|Any CPU
		{0E0E49A9-0A52-446A-902E-0B0B249D73C3}.Debug|x86.Build.0 = Debug|Any CPU
		{0E0E49A9-0A52-446A-902E-0B0B249D73C3}.Release|Any CPU.ActiveCfg = Release|Any CPU
		{0E0E49A9-0A52-446A-902E-0B0B249D73C3}.Release|Any CPU.Build.0 = Release|Any CPU
		{0E0E49A9-0A52-446A-902E-0B0B249D73C3}.Release|Mixed Platforms.ActiveCfg = Release|Any CPU
		{0E0E49A9-0A52-446A-902E-0B0B249D73C3}.Release|Mixed Platforms.Build.0 = Release|Any CPU
		{0E0E49A9-0A52-446A-902E-0B0B249D73C3}.Release|x64.ActiveCfg = Release|Any CPU
		{0E0E49A9-0A52-446A-902E-0B0B249D73C3}.Release|x64.Build.0 = Release|Any CPU
		{0E0E49A9-0A52-446A-902E-0B0B249D73C3}.Release|x86.ActiveCfg = Release|Any CPU
		{0E0E49A9-0A52-446A-902E-0B0B249D73C3}.Release|x86.Build.0 = Release|Any CPU
		{1F743C58-CB06-4A96-88F0-36B342D6083A}.Debug|Any CPU.ActiveCfg = Debug|Any CPU
		{1F743C58-CB06-4A96-88F0-36B342D6083A}.Debug|Any CPU.Build.0 = Debug|Any CPU
		{1F743C58-CB06-4A96-88F0-36B342D6083A}.Debug|Mixed Platforms.ActiveCfg = Debug|Any CPU
		{1F743C58-CB06-4A96-88F0-36B342D6083A}.Debug|Mixed Platforms.Build.0 = Debug|Any CPU
		{1F743C58-CB06-4A96-88F0-36B342D6083A}.Debug|x64.ActiveCfg = Debug|Any CPU
		{1F743C58-CB06-4A96-88F0-36B342D6083A}.Debug|x64.Build.0 = Debug|Any CPU
		{1F743C58-CB06-4A96-88F0-36B342D6083A}.Debug|x86.ActiveCfg = Debug|Any CPU
		{1F743C58-CB06-4A96-88F0-36B342D6083A}.Debug|x86.Build.0 = Debug|Any CPU
		{1F743C58-CB06-4A96-88F0-36B342D6083A}.Release|Any CPU.ActiveCfg = Release|Any CPU
		{1F743C58-CB06-4A96-88F0-36B342D6083A}.Release|Any CPU.Build.0 = Release|Any CPU
		{1F743C58-CB06-4A96-88F0-36B342D6083A}.Release|Mixed Platforms.ActiveCfg = Release|Any CPU
		{1F743C58-CB06-4A96-88F0-36B342D6083A}.Release|Mixed Platforms.Build.0 = Release|Any CPU
		{1F743C58-CB06-4A96-88F0-36B342D6083A}.Release|x64.ActiveCfg = Release|Any CPU
		{1F743C58-CB06-4A96-88F0-36B342D6083A}.Release|x64.Build.0 = Release|Any CPU
		{1F743C58-CB06-4A96-88F0-36B342D6083A}.Release|x86.ActiveCfg = Release|Any CPU
		{1F743C58-CB06-4A96-88F0-36B342D6083A}.Release|x86.Build.0 = Release|Any CPU
		{B76C3225-DA31-4C7E-BFA4-4DA5017DFA62}.Debug|Any CPU.ActiveCfg = Debug|Any CPU
		{B76C3225-DA31-4C7E-BFA4-4DA5017DFA62}.Debug|Any CPU.Build.0 = Debug|Any CPU
		{B76C3225-DA31-4C7E-BFA4-4DA5017DFA62}.Debug|Mixed Platforms.ActiveCfg = Debug|Any CPU
		{B76C3225-DA31-4C7E-BFA4-4DA5017DFA62}.Debug|Mixed Platforms.Build.0 = Debug|Any CPU
		{B76C3225-DA31-4C7E-BFA4-4DA5017DFA62}.Debug|x64.ActiveCfg = Debug|Any CPU
		{B76C3225-DA31-4C7E-BFA4-4DA5017DFA62}.Debug|x64.Build.0 = Debug|Any CPU
		{B76C3225-DA31-4C7E-BFA4-4DA5017DFA62}.Debug|x86.ActiveCfg = Debug|Any CPU
		{B76C3225-DA31-4C7E-BFA4-4DA5017DFA62}.Debug|x86.Build.0 = Debug|Any CPU
		{B76C3225-DA31-4C7E-BFA4-4DA5017DFA62}.Release|Any CPU.ActiveCfg = Release|Any CPU
		{B76C3225-DA31-4C7E-BFA4-4DA5017DFA62}.Release|Any CPU.Build.0 = Release|Any CPU
		{B76C3225-DA31-4C7E-BFA4-4DA5017DFA62}.Release|Mixed Platforms.ActiveCfg = Release|Any CPU
		{B76C3225-DA31-4C7E-BFA4-4DA5017DFA62}.Release|Mixed Platforms.Build.0 = Release|Any CPU
		{B76C3225-DA31-4C7E-BFA4-4DA5017DFA62}.Release|x64.ActiveCfg = Release|Any CPU
		{B76C3225-DA31-4C7E-BFA4-4DA5017DFA62}.Release|x64.Build.0 = Release|Any CPU
		{B76C3225-DA31-4C7E-BFA4-4DA5017DFA62}.Release|x86.ActiveCfg = Release|Any CPU
		{B76C3225-DA31-4C7E-BFA4-4DA5017DFA62}.Release|x86.Build.0 = Release|Any CPU
		{6B8C4A0D-2898-444C-817F-3439F30DE8F8}.Debug|Any CPU.ActiveCfg = Debug|Any CPU
		{6B8C4A0D-2898-444C-817F-3439F30DE8F8}.Debug|Any CPU.Build.0 = Debug|Any CPU
		{6B8C4A0D-2898-444C-817F-3439F30DE8F8}.Debug|Mixed Platforms.ActiveCfg = Debug|Any CPU
		{6B8C4A0D-2898-444C-817F-3439F30DE8F8}.Debug|Mixed Platforms.Build.0 = Debug|Any CPU
		{6B8C4A0D-2898-444C-817F-3439F30DE8F8}.Debug|x64.ActiveCfg = Debug|Any CPU
		{6B8C4A0D-2898-444C-817F-3439F30DE8F8}.Debug|x64.Build.0 = Debug|Any CPU
		{6B8C4A0D-2898-444C-817F-3439F30DE8F8}.Debug|x86.ActiveCfg = Debug|Any CPU
		{6B8C4A0D-2898-444C-817F-3439F30DE8F8}.Debug|x86.Build.0 = Debug|Any CPU
		{6B8C4A0D-2898-444C-817F-3439F30DE8F8}.Release|Any CPU.ActiveCfg = Release|Any CPU
		{6B8C4A0D-2898-444C-817F-3439F30DE8F8}.Release|Any CPU.Build.0 = Release|Any CPU
		{6B8C4A0D-2898-444C-817F-3439F30DE8F8}.Release|Mixed Platforms.ActiveCfg = Release|Any CPU
		{6B8C4A0D-2898-444C-817F-3439F30DE8F8}.Release|Mixed Platforms.Build.0 = Release|Any CPU
		{6B8C4A0D-2898-444C-817F-3439F30DE8F8}.Release|x64.ActiveCfg = Release|Any CPU
		{6B8C4A0D-2898-444C-817F-3439F30DE8F8}.Release|x64.Build.0 = Release|Any CPU
		{6B8C4A0D-2898-444C-817F-3439F30DE8F8}.Release|x86.ActiveCfg = Release|Any CPU
		{6B8C4A0D-2898-444C-817F-3439F30DE8F8}.Release|x86.Build.0 = Release|Any CPU
		{1EEABFA5-AB55-4C26-9386-07904B8F6158}.Debug|Any CPU.ActiveCfg = Debug|Any CPU
		{1EEABFA5-AB55-4C26-9386-07904B8F6158}.Debug|Any CPU.Build.0 = Debug|Any CPU
		{1EEABFA5-AB55-4C26-9386-07904B8F6158}.Debug|Mixed Platforms.ActiveCfg = Debug|Any CPU
		{1EEABFA5-AB55-4C26-9386-07904B8F6158}.Debug|Mixed Platforms.Build.0 = Debug|Any CPU
		{1EEABFA5-AB55-4C26-9386-07904B8F6158}.Debug|x64.ActiveCfg = Debug|Any CPU
		{1EEABFA5-AB55-4C26-9386-07904B8F6158}.Debug|x64.Build.0 = Debug|Any CPU
		{1EEABFA5-AB55-4C26-9386-07904B8F6158}.Debug|x86.ActiveCfg = Debug|Any CPU
		{1EEABFA5-AB55-4C26-9386-07904B8F6158}.Debug|x86.Build.0 = Debug|Any CPU
		{1EEABFA5-AB55-4C26-9386-07904B8F6158}.Release|Any CPU.ActiveCfg = Release|Any CPU
		{1EEABFA5-AB55-4C26-9386-07904B8F6158}.Release|Any CPU.Build.0 = Release|Any CPU
		{1EEABFA5-AB55-4C26-9386-07904B8F6158}.Release|Mixed Platforms.ActiveCfg = Release|Any CPU
		{1EEABFA5-AB55-4C26-9386-07904B8F6158}.Release|Mixed Platforms.Build.0 = Release|Any CPU
		{1EEABFA5-AB55-4C26-9386-07904B8F6158}.Release|x64.ActiveCfg = Release|Any CPU
		{1EEABFA5-AB55-4C26-9386-07904B8F6158}.Release|x64.Build.0 = Release|Any CPU
		{1EEABFA5-AB55-4C26-9386-07904B8F6158}.Release|x86.ActiveCfg = Release|Any CPU
		{1EEABFA5-AB55-4C26-9386-07904B8F6158}.Release|x86.Build.0 = Release|Any CPU
	EndGlobalSection
	GlobalSection(SolutionProperties) = preSolution
		HideSolutionNode = FALSE
	EndGlobalSection
	GlobalSection(NestedProjects) = preSolution
		{D1807197-BF37-4569-A55B-914F5FBF31AB} = {C7E1736A-81B2-4E4C-87F8-F6D8CB8195AD}
		{EC9C0D01-B221-4258-8D58-2E83CA339D76} = {C7E1736A-81B2-4E4C-87F8-F6D8CB8195AD}
		{A7D42A7F-CEAC-466D-BA62-BEA5F92623CA} = {C7E1736A-81B2-4E4C-87F8-F6D8CB8195AD}
		{2AEA64AF-78FF-4E2E-8375-FB6BD50AB71B} = {C7E1736A-81B2-4E4C-87F8-F6D8CB8195AD}
		{900B51E4-B405-4FF4-B2D1-2B240D21D18D} = {D1807197-BF37-4569-A55B-914F5FBF31AB}
		{01EF10E6-5DA8-4047-AECC-DDF85A6EFDE1} = {D1807197-BF37-4569-A55B-914F5FBF31AB}
		{47C007B3-47AB-4F4F-947B-88F3C3EB2BBD} = {D1807197-BF37-4569-A55B-914F5FBF31AB}
		{237C1EB0-E1D4-4E39-8A47-FAD243C01BC7} = {00C6DD2E-F3D2-40BA-8CEC-8775CACD3B7F}
		{38D30AE1-BC29-4CF3-8F9E-9FB788B9A090} = {00C6DD2E-F3D2-40BA-8CEC-8775CACD3B7F}
		{CBE99F67-AD71-42E6-B5BB-29B5F9B28AA3} = {00C6DD2E-F3D2-40BA-8CEC-8775CACD3B7F}
		{C9EB075D-5DC7-4F65-873D-0902C9538B88} = {00C6DD2E-F3D2-40BA-8CEC-8775CACD3B7F}
		{CC0543AB-BB22-4AB4-B0F4-1D01E1F2B595} = {237C1EB0-E1D4-4E39-8A47-FAD243C01BC7}
		{91D710F3-992F-471B-9678-54B9E910F185} = {237C1EB0-E1D4-4E39-8A47-FAD243C01BC7}
		{E1CFD90F-D186-42C1-93E1-8254568121CD} = {237C1EB0-E1D4-4E39-8A47-FAD243C01BC7}
		{A32FDC7E-0B5B-44E2-B93A-A0C7579948B2} = {237C1EB0-E1D4-4E39-8A47-FAD243C01BC7}
		{32B82B18-302A-439F-87B0-B1370D43AF96} = {EC9C0D01-B221-4258-8D58-2E83CA339D76}
		{6A126DEE-1C4B-4205-97D0-A87D088D7673} = {EC9C0D01-B221-4258-8D58-2E83CA339D76}
		{14630D35-BC54-4A02-972F-ABF98772C9C0} = {EC9C0D01-B221-4258-8D58-2E83CA339D76}
		{5E9806B7-5127-44F0-9574-A96935CB9EB1} = {EC9C0D01-B221-4258-8D58-2E83CA339D76}
		{596078A4-E750-468D-B16B-99A33DE57FF2} = {EC9C0D01-B221-4258-8D58-2E83CA339D76}
		{E6888516-B440-4434-8320-4AA3012C971A} = {EC9C0D01-B221-4258-8D58-2E83CA339D76}
		{46D3F38F-A7FC-4D51-B9A5-B3146170D51B} = {A7D42A7F-CEAC-466D-BA62-BEA5F92623CA}
		{7185A9F8-F744-488F-A070-2DCB3C3F6B4D} = {A7D42A7F-CEAC-466D-BA62-BEA5F92623CA}
		{95E89615-5636-4C74-8394-B7E47C83346D} = {A7D42A7F-CEAC-466D-BA62-BEA5F92623CA}
		{CE3B69DE-B69E-4CF8-B0D0-CE3CE9101256} = {A7D42A7F-CEAC-466D-BA62-BEA5F92623CA}
		{FA33180F-C236-49E3-B995-206C05EC0024} = {E2E7DB4D-F5F0-48F9-8BB2-493A0A94D012}
		{1B2B226B-0859-43F8-B04B-C6A1707455FD} = {E2E7DB4D-F5F0-48F9-8BB2-493A0A94D012}
		{93FDBF9E-5DA6-4391-97EC-ED9161B7950A} = {E2E7DB4D-F5F0-48F9-8BB2-493A0A94D012}
		{E8604D8C-9B55-4824-9EA4-121970D21B14} = {E2E7DB4D-F5F0-48F9-8BB2-493A0A94D012}
		{3DCD29AB-0EF9-4BE0-B155-79115D08C494} = {E2E7DB4D-F5F0-48F9-8BB2-493A0A94D012}
		{250671F2-E730-4036-99D9-34AAEAA2217E} = {E2E7DB4D-F5F0-48F9-8BB2-493A0A94D012}
		{CD4F0B78-8FCB-4217-84C9-D6025F4E001B} = {E2E7DB4D-F5F0-48F9-8BB2-493A0A94D012}
		{AD93EBC5-4F11-4F83-B9B3-B289B743D3F2} = {FA33180F-C236-49E3-B995-206C05EC0024}
		{C2D9FD99-4319-4B1D-BE6E-ACB0E30DDAC4} = {FA33180F-C236-49E3-B995-206C05EC0024}
		{1F743C58-CB06-4A96-88F0-36B342D6083A} = {FA33180F-C236-49E3-B995-206C05EC0024}
		{1EEABFA5-AB55-4C26-9386-07904B8F6158} = {FA33180F-C236-49E3-B995-206C05EC0024}
		{60719C54-9719-48F7-9376-595AB9FAE4C0} = {9D9131C3-3816-4919-98C2-5ECDAAF86A16}
		{DEF3255F-DA16-4EF9-A4DE-D46B90D8937F} = {9D9131C3-3816-4919-98C2-5ECDAAF86A16}
		{BD1BC6A1-11A7-46ED-9716-51C672A681B8} = {1B2B226B-0859-43F8-B04B-C6A1707455FD}
		{5C9DD50F-AACF-48A1-A3F1-B07D51071E44} = {1B2B226B-0859-43F8-B04B-C6A1707455FD}
		{EEF3D73F-F4A8-45E6-80DA-84C2731A6EE7} = {1B2B226B-0859-43F8-B04B-C6A1707455FD}
		{E1466467-0370-4F4B-ADD6-F7D378899C47} = {1B2B226B-0859-43F8-B04B-C6A1707455FD}
		{1A700869-6300-479F-9F63-4CFC3FEEC85B} = {93FDBF9E-5DA6-4391-97EC-ED9161B7950A}
		{B9F86F3E-BA30-438C-8D60-AF9CE2C7ED7A} = {E8604D8C-9B55-4824-9EA4-121970D21B14}
		{6A0F716D-2A63-4EAA-8823-82C501715590} = {E8604D8C-9B55-4824-9EA4-121970D21B14}
		{928A61DD-420B-4867-9DA4-C466A1808B10} = {E8604D8C-9B55-4824-9EA4-121970D21B14}
		{206C0AC5-F7E9-453A-9E52-4EB6EB9A0E0E} = {E8604D8C-9B55-4824-9EA4-121970D21B14}
		{11232331-E8DC-41F5-9BA7-B9CA0A96664F} = {E8604D8C-9B55-4824-9EA4-121970D21B14}
		{9437F691-2F0E-4F82-A151-6802A298AFF4} = {E8604D8C-9B55-4824-9EA4-121970D21B14}
		{3F6C2EA3-9FD8-4CFA-8ABC-CF3EF6FA8C32} = {2AEA64AF-78FF-4E2E-8375-FB6BD50AB71B}
		{3344D45D-A3A6-4F78-AA2F-EB24F9CC46A1} = {2AEA64AF-78FF-4E2E-8375-FB6BD50AB71B}
		{8F3A6FBB-BDE1-4F08-9126-76FF1F9F8D00} = {2AEA64AF-78FF-4E2E-8375-FB6BD50AB71B}
		{B64DFD99-EDA3-4B72-B83B-79C75E3E68FF} = {2AEA64AF-78FF-4E2E-8375-FB6BD50AB71B}
		{2181878E-C437-4096-99AF-96F11B99A001} = {2AEA64AF-78FF-4E2E-8375-FB6BD50AB71B}
		{CD90AB87-CA2B-4C0E-B981-D1FA14AF7606} = {38D30AE1-BC29-4CF3-8F9E-9FB788B9A090}
		{F99D594A-7269-482A-9501-A0038248DDF5} = {38D30AE1-BC29-4CF3-8F9E-9FB788B9A090}
		{86C36C3A-3D88-430F-9A50-D2E37571BF8E} = {CBE99F67-AD71-42E6-B5BB-29B5F9B28AA3}
		{1535E099-E5E3-4A99-8179-4C4F848C63C2} = {3DCD29AB-0EF9-4BE0-B155-79115D08C494}
		{78B08073-EA41-47AE-ABED-ECEE858832EE} = {3DCD29AB-0EF9-4BE0-B155-79115D08C494}
		{0E0E49A9-0A52-446A-902E-0B0B249D73C3} = {250671F2-E730-4036-99D9-34AAEAA2217E}
		{B76C3225-DA31-4C7E-BFA4-4DA5017DFA62} = {CD4F0B78-8FCB-4217-84C9-D6025F4E001B}
		{6B8C4A0D-2898-444C-817F-3439F30DE8F8} = {C9EB075D-5DC7-4F65-873D-0902C9538B88}
	EndGlobalSection
EndGlobal
